
Microsoft Visual Studio Solution File, Format Version 12.00
# Visual Studio Version 17
VisualStudioVersion = 17.4.33213.308
MinimumVisualStudioVersion = 10.0.40219.1
Project("{FAE04EC0-301F-11D3-BF4B-00C04F79EFBC}") = "01. Action Print", "01. Action Print\01. Action Print.csproj", "{E66E2967-ACCF-4283-8587-B6024D45F23E}"
EndProject
Project("{FAE04EC0-301F-11D3-BF4B-00C04F79EFBC}") = "02. Knights of Honor", "02. Knights of Honor\02. Knights of Honor.csproj", "{B3AB1688-020C-4458-BAA9-CEDA821A410F}"
EndProject
Project("{FAE04EC0-301F-11D3-BF4B-00C04F79EFBC}") = "03. Custom Min Function", "03. Custom Min Function\03. Custom Min Function.csproj", "{C7253758-F81F-49F8-9F72-A4EFA6EAF4E6}"
EndProject
Global
	GlobalSection(SolutionConfigurationPlatforms) = preSolution
		Debug|Any CPU = Debug|Any CPU
		Release|Any CPU = Release|Any CPU
	EndGlobalSection
	GlobalSection(ProjectConfigurationPlatforms) = postSolution
		{E66E2967-ACCF-4283-8587-B6024D45F23E}.Debug|Any CPU.ActiveCfg = Debug|Any CPU
		{E66E2967-ACCF-4283-8587-B6024D45F23E}.Debug|Any CPU.Build.0 = Debug|Any CPU
		{E66E2967-ACCF-4283-8587-B6024D45F23E}.Release|Any CPU.ActiveCfg = Release|Any CPU
		{E66E2967-ACCF-4283-8587-B6024D45F23E}.Release|Any CPU.Build.0 = Release|Any CPU
		{B3AB1688-020C-4458-BAA9-CEDA821A410F}.Debug|Any CPU.ActiveCfg = Debug|Any CPU
		{B3AB1688-020C-4458-BAA9-CEDA821A410F}.Debug|Any CPU.Build.0 = Debug|Any CPU
		{B3AB1688-020C-4458-BAA9-CEDA821A410F}.Release|Any CPU.ActiveCfg = Release|Any CPU
		{B3AB1688-020C-4458-BAA9-CEDA821A410F}.Release|Any CPU.Build.0 = Release|Any CPU
		{C7253758-F81F-49F8-9F72-A4EFA6EAF4E6}.Debug|Any CPU.ActiveCfg = Debug|Any CPU
		{C7253758-F81F-49F8-9F72-A4EFA6EAF4E6}.Debug|Any CPU.Build.0 = Debug|Any CPU
		{C7253758-F81F-49F8-9F72-A4EFA6EAF4E6}.Release|Any CPU.ActiveCfg = Release|Any CPU
		{C7253758-F81F-49F8-9F72-A4EFA6EAF4E6}.Release|Any CPU.Build.0 = Release|Any CPU
	EndGlobalSection
	GlobalSection(SolutionProperties) = preSolution
		HideSolutionNode = FALSE
	EndGlobalSection
	GlobalSection(ExtensibilityGlobals) = postSolution
		SolutionGuid = {CB26B120-EF79-4A55-8088-4BBF4F05D7FE}
	EndGlobalSection
EndGlobal
