
Microsoft Visual Studio Solution File, Format Version 12.00
# Visual Studio Version 17
VisualStudioVersion = 17.4.33213.308
MinimumVisualStudioVersion = 10.0.40219.1
Project("{9A19103F-16F7-4668-BE54-9A1E7A4F7556}") = "01. Action Print", "01. Action Print\01. Action Print.csproj", "{E66E2967-ACCF-4283-8587-B6024D45F23E}"
EndProject
Project("{9A19103F-16F7-4668-BE54-9A1E7A4F7556}") = "02. Knights of Honor", "02. Knights of Honor\02. Knights of Honor.csproj", "{B3AB1688-020C-4458-BAA9-CEDA821A410F}"
EndProject
Project("{9A19103F-16F7-4668-BE54-9A1E7A4F7556}") = "03. Custom Min Function", "03. Custom Min Function\03. Custom Min Function.csproj", "{C7253758-F81F-49F8-9F72-A4EFA6EAF4E6}"
EndProject
Project("{9A19103F-16F7-4668-BE54-9A1E7A4F7556}") = "04. Find Evens or Odds", "04. Find Evens or Odds\04. Find Evens or Odds.csproj", "{A9320500-AE3F-44E7-B6ED-83807DE5E7BC}"
EndProject
Project("{9A19103F-16F7-4668-BE54-9A1E7A4F7556}") = "05. Applied Arithmetics", "05. Applied Arithmetics\05. Applied Arithmetics.csproj", "{A1E81708-56DE-4646-A345-93DF401C8AD1}"
EndProject
Project("{FAE04EC0-301F-11D3-BF4B-00C04F79EFBC}") = "06. Reverse And Exclude", "06. Reverse And Exclude\06. Reverse And Exclude.csproj", "{CF8E5C97-4DDA-4934-AB18-C4306C66FF8F}"
EndProject
Project("{FAE04EC0-301F-11D3-BF4B-00C04F79EFBC}") = "07. Predicate For Names", "07. Predicate For Names\07. Predicate For Names.csproj", "{C67EA73D-CA2F-4C33-BED5-90EF6DBE4D11}"
EndProject
Project("{FAE04EC0-301F-11D3-BF4B-00C04F79EFBC}") = "08. List Of Predicates", "08. List Of Predicates\08. List Of Predicates.csproj", "{6C5E3C61-1D4D-430A-AD92-18C70C49AE0C}"
EndProject
Project("{FAE04EC0-301F-11D3-BF4B-00C04F79EFBC}") = "09. Predicate Party!", "09. Predicate Party!\09. Predicate Party!.csproj", "{9DFC5781-961B-4840-8DE4-1BCAEDD4834F}"
EndProject
Global
	GlobalSection(SolutionConfigurationPlatforms) = preSolution
		Debug|Any CPU = Debug|Any CPU
		Release|Any CPU = Release|Any CPU
	EndGlobalSection
	GlobalSection(ProjectConfigurationPlatforms) = postSolution
		{E66E2967-ACCF-4283-8587-B6024D45F23E}.Debug|Any CPU.ActiveCfg = Debug|Any CPU
		{E66E2967-ACCF-4283-8587-B6024D45F23E}.Debug|Any CPU.Build.0 = Debug|Any CPU
		{E66E2967-ACCF-4283-8587-B6024D45F23E}.Release|Any CPU.ActiveCfg = Release|Any CPU
		{E66E2967-ACCF-4283-8587-B6024D45F23E}.Release|Any CPU.Build.0 = Release|Any CPU
		{B3AB1688-020C-4458-BAA9-CEDA821A410F}.Debug|Any CPU.ActiveCfg = Debug|Any CPU
		{B3AB1688-020C-4458-BAA9-CEDA821A410F}.Debug|Any CPU.Build.0 = Debug|Any CPU
		{B3AB1688-020C-4458-BAA9-CEDA821A410F}.Release|Any CPU.ActiveCfg = Release|Any CPU
		{B3AB1688-020C-4458-BAA9-CEDA821A410F}.Release|Any CPU.Build.0 = Release|Any CPU
		{C7253758-F81F-49F8-9F72-A4EFA6EAF4E6}.Debug|Any CPU.ActiveCfg = Debug|Any CPU
		{C7253758-F81F-49F8-9F72-A4EFA6EAF4E6}.Debug|Any CPU.Build.0 = Debug|Any CPU
		{C7253758-F81F-49F8-9F72-A4EFA6EAF4E6}.Release|Any CPU.ActiveCfg = Release|Any CPU
		{C7253758-F81F-49F8-9F72-A4EFA6EAF4E6}.Release|Any CPU.Build.0 = Release|Any CPU
		{A9320500-AE3F-44E7-B6ED-83807DE5E7BC}.Debug|Any CPU.ActiveCfg = Debug|Any CPU
		{A9320500-AE3F-44E7-B6ED-83807DE5E7BC}.Debug|Any CPU.Build.0 = Debug|Any CPU
		{A9320500-AE3F-44E7-B6ED-83807DE5E7BC}.Release|Any CPU.ActiveCfg = Release|Any CPU
		{A9320500-AE3F-44E7-B6ED-83807DE5E7BC}.Release|Any CPU.Build.0 = Release|Any CPU
		{A1E81708-56DE-4646-A345-93DF401C8AD1}.Debug|Any CPU.ActiveCfg = Debug|Any CPU
		{A1E81708-56DE-4646-A345-93DF401C8AD1}.Debug|Any CPU.Build.0 = Debug|Any CPU
		{A1E81708-56DE-4646-A345-93DF401C8AD1}.Release|Any CPU.ActiveCfg = Release|Any CPU
		{A1E81708-56DE-4646-A345-93DF401C8AD1}.Release|Any CPU.Build.0 = Release|Any CPU
		{CF8E5C97-4DDA-4934-AB18-C4306C66FF8F}.Debug|Any CPU.ActiveCfg = Debug|Any CPU
		{CF8E5C97-4DDA-4934-AB18-C4306C66FF8F}.Debug|Any CPU.Build.0 = Debug|Any CPU
		{CF8E5C97-4DDA-4934-AB18-C4306C66FF8F}.Release|Any CPU.ActiveCfg = Release|Any CPU
		{CF8E5C97-4DDA-4934-AB18-C4306C66FF8F}.Release|Any CPU.Build.0 = Release|Any CPU
		{C67EA73D-CA2F-4C33-BED5-90EF6DBE4D11}.Debug|Any CPU.ActiveCfg = Debug|Any CPU
		{C67EA73D-CA2F-4C33-BED5-90EF6DBE4D11}.Debug|Any CPU.Build.0 = Debug|Any CPU
		{C67EA73D-CA2F-4C33-BED5-90EF6DBE4D11}.Release|Any CPU.ActiveCfg = Release|Any CPU
		{C67EA73D-CA2F-4C33-BED5-90EF6DBE4D11}.Release|Any CPU.Build.0 = Release|Any CPU
		{6C5E3C61-1D4D-430A-AD92-18C70C49AE0C}.Debug|Any CPU.ActiveCfg = Debug|Any CPU
		{6C5E3C61-1D4D-430A-AD92-18C70C49AE0C}.Debug|Any CPU.Build.0 = Debug|Any CPU
		{6C5E3C61-1D4D-430A-AD92-18C70C49AE0C}.Release|Any CPU.ActiveCfg = Release|Any CPU
		{6C5E3C61-1D4D-430A-AD92-18C70C49AE0C}.Release|Any CPU.Build.0 = Release|Any CPU
		{9DFC5781-961B-4840-8DE4-1BCAEDD4834F}.Debug|Any CPU.ActiveCfg = Debug|Any CPU
		{9DFC5781-961B-4840-8DE4-1BCAEDD4834F}.Debug|Any CPU.Build.0 = Debug|Any CPU
		{9DFC5781-961B-4840-8DE4-1BCAEDD4834F}.Release|Any CPU.ActiveCfg = Release|Any CPU
		{9DFC5781-961B-4840-8DE4-1BCAEDD4834F}.Release|Any CPU.Build.0 = Release|Any CPU
	EndGlobalSection
	GlobalSection(SolutionProperties) = preSolution
		HideSolutionNode = FALSE
	EndGlobalSection
	GlobalSection(ExtensibilityGlobals) = postSolution
		SolutionGuid = {CB26B120-EF79-4A55-8088-4BBF4F05D7FE}
	EndGlobalSection
EndGlobal
