
Microsoft Visual Studio Solution File, Format Version 12.00
# Visual Studio Version 16
VisualStudioVersion = 16.0.32602.291
MinimumVisualStudioVersion = 10.0.40219.1
Project("{9A19103F-16F7-4668-BE54-9A1E7A4F7556}") = "01. Integer Operations", "01. Integer Operations\01. Integer Operations.csproj", "{53ADD964-AB8D-4144-AB4A-E1F568229482}"
EndProject
Project("{9A19103F-16F7-4668-BE54-9A1E7A4F7556}") = "02. Sum Digits", "02. Sum Digits\02. Sum Digits.csproj", "{FB3C783D-141B-4429-9DE8-3F9899B31175}"
EndProject
Project("{9A19103F-16F7-4668-BE54-9A1E7A4F7556}") = "03. Elevator", "03. Elevator\03. Elevator.csproj", "{5406A51D-E398-4DDD-A7B4-D802801F732A}"
EndProject
Project("{9A19103F-16F7-4668-BE54-9A1E7A4F7556}") = "04. Sum of Chars", "04. Sum of Chars\04. Sum of Chars.csproj", "{6AE71EBE-C7B7-4C69-B3B2-86E4B61F3D6D}"
EndProject
Project("{9A19103F-16F7-4668-BE54-9A1E7A4F7556}") = "05. Print Part Of ASCII Table", "05. Print Part Of ASCII Table\05. Print Part Of ASCII Table.csproj", "{8514BA21-B07B-4CD1-B028-939B232896BB}"
EndProject
Project("{9A19103F-16F7-4668-BE54-9A1E7A4F7556}") = "06. Triples of Latin Letters", "06. Triples of Latin Letters\06. Triples of Latin Letters.csproj", "{FEDE3B6A-B9B6-479D-B70E-442A81B6C834}"
EndProject
Project("{9A19103F-16F7-4668-BE54-9A1E7A4F7556}") = "07. Water Overflow", "07. Water Overflow\07. Water Overflow.csproj", "{AA6A6EA3-3C95-4BFF-9BA2-40DF3F09FF16}"
EndProject
Project("{9A19103F-16F7-4668-BE54-9A1E7A4F7556}") = "08. Beer Kegs", "08. Beer Kegs\08. Beer Kegs.csproj", "{6E8D4637-3C61-42DA-AAF4-A3F76B2FA26D}"
EndProject
Project("{9A19103F-16F7-4668-BE54-9A1E7A4F7556}") = "09. Spice Must Flow", "09. Spice Must Flow\09. Spice Must Flow.csproj", "{90C3AA80-E8DE-4C0B-AE1B-184572A29B02}"
EndProject
Project("{9A19103F-16F7-4668-BE54-9A1E7A4F7556}") = "10. Poke Mon", "10. Poke Mon\10. Poke Mon.csproj", "{7D9C4093-77B1-4BD2-BCE3-8AF1AE8AA75A}"
EndProject
Project("{9A19103F-16F7-4668-BE54-9A1E7A4F7556}") = "11. Snowballs", "11. Snowballs - 2\11. Snowballs.csproj", "{B68CB4C6-7BEB-4173-9D28-E9D7FDCBBAAB}"
EndProject
Global
	GlobalSection(SolutionConfigurationPlatforms) = preSolution
		Debug|Any CPU = Debug|Any CPU
		Release|Any CPU = Release|Any CPU
	EndGlobalSection
	GlobalSection(ProjectConfigurationPlatforms) = postSolution
		{53ADD964-AB8D-4144-AB4A-E1F568229482}.Debug|Any CPU.ActiveCfg = Debug|Any CPU
		{53ADD964-AB8D-4144-AB4A-E1F568229482}.Debug|Any CPU.Build.0 = Debug|Any CPU
		{53ADD964-AB8D-4144-AB4A-E1F568229482}.Release|Any CPU.ActiveCfg = Release|Any CPU
		{53ADD964-AB8D-4144-AB4A-E1F568229482}.Release|Any CPU.Build.0 = Release|Any CPU
		{FB3C783D-141B-4429-9DE8-3F9899B31175}.Debug|Any CPU.ActiveCfg = Debug|Any CPU
		{FB3C783D-141B-4429-9DE8-3F9899B31175}.Debug|Any CPU.Build.0 = Debug|Any CPU
		{FB3C783D-141B-4429-9DE8-3F9899B31175}.Release|Any CPU.ActiveCfg = Release|Any CPU
		{FB3C783D-141B-4429-9DE8-3F9899B31175}.Release|Any CPU.Build.0 = Release|Any CPU
		{5406A51D-E398-4DDD-A7B4-D802801F732A}.Debug|Any CPU.ActiveCfg = Debug|Any CPU
		{5406A51D-E398-4DDD-A7B4-D802801F732A}.Debug|Any CPU.Build.0 = Debug|Any CPU
		{5406A51D-E398-4DDD-A7B4-D802801F732A}.Release|Any CPU.ActiveCfg = Release|Any CPU
		{5406A51D-E398-4DDD-A7B4-D802801F732A}.Release|Any CPU.Build.0 = Release|Any CPU
		{6AE71EBE-C7B7-4C69-B3B2-86E4B61F3D6D}.Debug|Any CPU.ActiveCfg = Debug|Any CPU
		{6AE71EBE-C7B7-4C69-B3B2-86E4B61F3D6D}.Debug|Any CPU.Build.0 = Debug|Any CPU
		{6AE71EBE-C7B7-4C69-B3B2-86E4B61F3D6D}.Release|Any CPU.ActiveCfg = Release|Any CPU
		{6AE71EBE-C7B7-4C69-B3B2-86E4B61F3D6D}.Release|Any CPU.Build.0 = Release|Any CPU
		{8514BA21-B07B-4CD1-B028-939B232896BB}.Debug|Any CPU.ActiveCfg = Debug|Any CPU
		{8514BA21-B07B-4CD1-B028-939B232896BB}.Debug|Any CPU.Build.0 = Debug|Any CPU
		{8514BA21-B07B-4CD1-B028-939B232896BB}.Release|Any CPU.ActiveCfg = Release|Any CPU
		{8514BA21-B07B-4CD1-B028-939B232896BB}.Release|Any CPU.Build.0 = Release|Any CPU
		{FEDE3B6A-B9B6-479D-B70E-442A81B6C834}.Debug|Any CPU.ActiveCfg = Debug|Any CPU
		{FEDE3B6A-B9B6-479D-B70E-442A81B6C834}.Debug|Any CPU.Build.0 = Debug|Any CPU
		{FEDE3B6A-B9B6-479D-B70E-442A81B6C834}.Release|Any CPU.ActiveCfg = Release|Any CPU
		{FEDE3B6A-B9B6-479D-B70E-442A81B6C834}.Release|Any CPU.Build.0 = Release|Any CPU
		{AA6A6EA3-3C95-4BFF-9BA2-40DF3F09FF16}.Debug|Any CPU.ActiveCfg = Debug|Any CPU
		{AA6A6EA3-3C95-4BFF-9BA2-40DF3F09FF16}.Debug|Any CPU.Build.0 = Debug|Any CPU
		{AA6A6EA3-3C95-4BFF-9BA2-40DF3F09FF16}.Release|Any CPU.ActiveCfg = Release|Any CPU
		{AA6A6EA3-3C95-4BFF-9BA2-40DF3F09FF16}.Release|Any CPU.Build.0 = Release|Any CPU
		{6E8D4637-3C61-42DA-AAF4-A3F76B2FA26D}.Debug|Any CPU.ActiveCfg = Debug|Any CPU
		{6E8D4637-3C61-42DA-AAF4-A3F76B2FA26D}.Debug|Any CPU.Build.0 = Debug|Any CPU
		{6E8D4637-3C61-42DA-AAF4-A3F76B2FA26D}.Release|Any CPU.ActiveCfg = Release|Any CPU
		{6E8D4637-3C61-42DA-AAF4-A3F76B2FA26D}.Release|Any CPU.Build.0 = Release|Any CPU
		{90C3AA80-E8DE-4C0B-AE1B-184572A29B02}.Debug|Any CPU.ActiveCfg = Debug|Any CPU
		{90C3AA80-E8DE-4C0B-AE1B-184572A29B02}.Debug|Any CPU.Build.0 = Debug|Any CPU
		{90C3AA80-E8DE-4C0B-AE1B-184572A29B02}.Release|Any CPU.ActiveCfg = Release|Any CPU
		{90C3AA80-E8DE-4C0B-AE1B-184572A29B02}.Release|Any CPU.Build.0 = Release|Any CPU
		{7D9C4093-77B1-4BD2-BCE3-8AF1AE8AA75A}.Debug|Any CPU.ActiveCfg = Debug|Any CPU
		{7D9C4093-77B1-4BD2-BCE3-8AF1AE8AA75A}.Debug|Any CPU.Build.0 = Debug|Any CPU
		{7D9C4093-77B1-4BD2-BCE3-8AF1AE8AA75A}.Release|Any CPU.ActiveCfg = Release|Any CPU
		{7D9C4093-77B1-4BD2-BCE3-8AF1AE8AA75A}.Release|Any CPU.Build.0 = Release|Any CPU
		{B68CB4C6-7BEB-4173-9D28-E9D7FDCBBAAB}.Debug|Any CPU.ActiveCfg = Debug|Any CPU
		{B68CB4C6-7BEB-4173-9D28-E9D7FDCBBAAB}.Debug|Any CPU.Build.0 = Debug|Any CPU
		{B68CB4C6-7BEB-4173-9D28-E9D7FDCBBAAB}.Release|Any CPU.ActiveCfg = Release|Any CPU
		{B68CB4C6-7BEB-4173-9D28-E9D7FDCBBAAB}.Release|Any CPU.Build.0 = Release|Any CPU
	EndGlobalSection
	GlobalSection(SolutionProperties) = preSolution
		HideSolutionNode = FALSE
	EndGlobalSection
	GlobalSection(ExtensibilityGlobals) = postSolution
		SolutionGuid = {C1480A9A-40CE-4137-B529-673B9F275943}
	EndGlobalSection
EndGlobal
