
Microsoft Visual Studio Solution File, Format Version 12.00
# Visual Studio Version 16
VisualStudioVersion = 16.0.32602.291
MinimumVisualStudioVersion = 10.0.40219.1
Project("{FAE04EC0-301F-11D3-BF4B-00C04F79EFBC}") = "01. Integer Operations", "01. Integer Operations\01. Integer Operations.csproj", "{53ADD964-AB8D-4144-AB4A-E1F568229482}"
EndProject
Project("{FAE04EC0-301F-11D3-BF4B-00C04F79EFBC}") = "02. Sum Digits", "02. Sum Digits\02. Sum Digits.csproj", "{FB3C783D-141B-4429-9DE8-3F9899B31175}"
EndProject
Project("{FAE04EC0-301F-11D3-BF4B-00C04F79EFBC}") = "03. Elevator", "03. Elevator\03. Elevator.csproj", "{5406A51D-E398-4DDD-A7B4-D802801F732A}"
EndProject
Global
	GlobalSection(SolutionConfigurationPlatforms) = preSolution
		Debug|Any CPU = Debug|Any CPU
		Release|Any CPU = Release|Any CPU
	EndGlobalSection
	GlobalSection(ProjectConfigurationPlatforms) = postSolution
		{53ADD964-AB8D-4144-AB4A-E1F568229482}.Debug|Any CPU.ActiveCfg = Debug|Any CPU
		{53ADD964-AB8D-4144-AB4A-E1F568229482}.Debug|Any CPU.Build.0 = Debug|Any CPU
		{53ADD964-AB8D-4144-AB4A-E1F568229482}.Release|Any CPU.ActiveCfg = Release|Any CPU
		{53ADD964-AB8D-4144-AB4A-E1F568229482}.Release|Any CPU.Build.0 = Release|Any CPU
		{FB3C783D-141B-4429-9DE8-3F9899B31175}.Debug|Any CPU.ActiveCfg = Debug|Any CPU
		{FB3C783D-141B-4429-9DE8-3F9899B31175}.Debug|Any CPU.Build.0 = Debug|Any CPU
		{FB3C783D-141B-4429-9DE8-3F9899B31175}.Release|Any CPU.ActiveCfg = Release|Any CPU
		{FB3C783D-141B-4429-9DE8-3F9899B31175}.Release|Any CPU.Build.0 = Release|Any CPU
		{5406A51D-E398-4DDD-A7B4-D802801F732A}.Debug|Any CPU.ActiveCfg = Debug|Any CPU
		{5406A51D-E398-4DDD-A7B4-D802801F732A}.Debug|Any CPU.Build.0 = Debug|Any CPU
		{5406A51D-E398-4DDD-A7B4-D802801F732A}.Release|Any CPU.ActiveCfg = Release|Any CPU
		{5406A51D-E398-4DDD-A7B4-D802801F732A}.Release|Any CPU.Build.0 = Release|Any CPU
	EndGlobalSection
	GlobalSection(SolutionProperties) = preSolution
		HideSolutionNode = FALSE
	EndGlobalSection
	GlobalSection(ExtensibilityGlobals) = postSolution
		SolutionGuid = {C1480A9A-40CE-4137-B529-673B9F275943}
	EndGlobalSection
EndGlobal
