
Microsoft Visual Studio Solution File, Format Version 12.00
# Visual Studio Version 16
VisualStudioVersion = 16.0.32602.291
MinimumVisualStudioVersion = 10.0.40219.1
Project("{9A19103F-16F7-4668-BE54-9A1E7A4F7556}") = "01. Even Lines", "01. Even Lines\01. Even Lines.csproj", "{17AEA86F-9A85-44B7-A205-675D89181E89}"
EndProject
Project("{FAE04EC0-301F-11D3-BF4B-00C04F79EFBC}") = "02. Line Numbers", "02. Line Numbers\02. Line Numbers.csproj", "{F6D1D902-8B1F-4518-A5E0-152137F90E74}"
EndProject
Project("{FAE04EC0-301F-11D3-BF4B-00C04F79EFBC}") = "03. Copy Binary File", "03. Copy Binary File\03. Copy Binary File.csproj", "{6688890B-0981-4C78-8DA8-9F6C0162DBF5}"
EndProject
Global
	GlobalSection(SolutionConfigurationPlatforms) = preSolution
		Debug|Any CPU = Debug|Any CPU
		Release|Any CPU = Release|Any CPU
	EndGlobalSection
	GlobalSection(ProjectConfigurationPlatforms) = postSolution
		{17AEA86F-9A85-44B7-A205-675D89181E89}.Debug|Any CPU.ActiveCfg = Debug|Any CPU
		{17AEA86F-9A85-44B7-A205-675D89181E89}.Debug|Any CPU.Build.0 = Debug|Any CPU
		{17AEA86F-9A85-44B7-A205-675D89181E89}.Release|Any CPU.ActiveCfg = Release|Any CPU
		{17AEA86F-9A85-44B7-A205-675D89181E89}.Release|Any CPU.Build.0 = Release|Any CPU
		{F6D1D902-8B1F-4518-A5E0-152137F90E74}.Debug|Any CPU.ActiveCfg = Debug|Any CPU
		{F6D1D902-8B1F-4518-A5E0-152137F90E74}.Debug|Any CPU.Build.0 = Debug|Any CPU
		{F6D1D902-8B1F-4518-A5E0-152137F90E74}.Release|Any CPU.ActiveCfg = Release|Any CPU
		{F6D1D902-8B1F-4518-A5E0-152137F90E74}.Release|Any CPU.Build.0 = Release|Any CPU
		{6688890B-0981-4C78-8DA8-9F6C0162DBF5}.Debug|Any CPU.ActiveCfg = Debug|Any CPU
		{6688890B-0981-4C78-8DA8-9F6C0162DBF5}.Debug|Any CPU.Build.0 = Debug|Any CPU
		{6688890B-0981-4C78-8DA8-9F6C0162DBF5}.Release|Any CPU.ActiveCfg = Release|Any CPU
		{6688890B-0981-4C78-8DA8-9F6C0162DBF5}.Release|Any CPU.Build.0 = Release|Any CPU
	EndGlobalSection
	GlobalSection(SolutionProperties) = preSolution
		HideSolutionNode = FALSE
	EndGlobalSection
	GlobalSection(ExtensibilityGlobals) = postSolution
		SolutionGuid = {A19CA324-55F7-430C-8CCE-17DF2D78EAE8}
	EndGlobalSection
EndGlobal
