
Microsoft Visual Studio Solution File, Format Version 12.00
# Visual Studio Version 16
VisualStudioVersion = 16.0.32602.291
MinimumVisualStudioVersion = 10.0.40219.1
Project("{FAE04EC0-301F-11D3-BF4B-00C04F79EFBC}") = "01. Train", "01. Train\01. Train.csproj", "{D9F6398F-1F93-4772-9C7B-956B531E5E60}"
EndProject
Project("{FAE04EC0-301F-11D3-BF4B-00C04F79EFBC}") = "02. Change List", "02. Change List\02. Change List.csproj", "{3C84BF60-B356-445B-941A-3655AD859B0D}"
EndProject
Project("{FAE04EC0-301F-11D3-BF4B-00C04F79EFBC}") = "03. House Party", "03. House Party\03. House Party.csproj", "{CDDF7A55-BE09-497E-99AA-ADCDD2F36470}"
EndProject
Project("{FAE04EC0-301F-11D3-BF4B-00C04F79EFBC}") = "04. List Operations", "04. List Operations\04. List Operations.csproj", "{D287A5F5-2397-43DF-A99C-18FF9589CFD5}"
EndProject
Global
	GlobalSection(SolutionConfigurationPlatforms) = preSolution
		Debug|Any CPU = Debug|Any CPU
		Release|Any CPU = Release|Any CPU
	EndGlobalSection
	GlobalSection(ProjectConfigurationPlatforms) = postSolution
		{D9F6398F-1F93-4772-9C7B-956B531E5E60}.Debug|Any CPU.ActiveCfg = Debug|Any CPU
		{D9F6398F-1F93-4772-9C7B-956B531E5E60}.Debug|Any CPU.Build.0 = Debug|Any CPU
		{D9F6398F-1F93-4772-9C7B-956B531E5E60}.Release|Any CPU.ActiveCfg = Release|Any CPU
		{D9F6398F-1F93-4772-9C7B-956B531E5E60}.Release|Any CPU.Build.0 = Release|Any CPU
		{3C84BF60-B356-445B-941A-3655AD859B0D}.Debug|Any CPU.ActiveCfg = Debug|Any CPU
		{3C84BF60-B356-445B-941A-3655AD859B0D}.Debug|Any CPU.Build.0 = Debug|Any CPU
		{3C84BF60-B356-445B-941A-3655AD859B0D}.Release|Any CPU.ActiveCfg = Release|Any CPU
		{3C84BF60-B356-445B-941A-3655AD859B0D}.Release|Any CPU.Build.0 = Release|Any CPU
		{CDDF7A55-BE09-497E-99AA-ADCDD2F36470}.Debug|Any CPU.ActiveCfg = Debug|Any CPU
		{CDDF7A55-BE09-497E-99AA-ADCDD2F36470}.Debug|Any CPU.Build.0 = Debug|Any CPU
		{CDDF7A55-BE09-497E-99AA-ADCDD2F36470}.Release|Any CPU.ActiveCfg = Release|Any CPU
		{CDDF7A55-BE09-497E-99AA-ADCDD2F36470}.Release|Any CPU.Build.0 = Release|Any CPU
		{D287A5F5-2397-43DF-A99C-18FF9589CFD5}.Debug|Any CPU.ActiveCfg = Debug|Any CPU
		{D287A5F5-2397-43DF-A99C-18FF9589CFD5}.Debug|Any CPU.Build.0 = Debug|Any CPU
		{D287A5F5-2397-43DF-A99C-18FF9589CFD5}.Release|Any CPU.ActiveCfg = Release|Any CPU
		{D287A5F5-2397-43DF-A99C-18FF9589CFD5}.Release|Any CPU.Build.0 = Release|Any CPU
	EndGlobalSection
	GlobalSection(SolutionProperties) = preSolution
		HideSolutionNode = FALSE
	EndGlobalSection
	GlobalSection(ExtensibilityGlobals) = postSolution
		SolutionGuid = {7E100FED-3023-4B22-BFD4-A0CF5301AFC1}
	EndGlobalSection
EndGlobal
