
Microsoft Visual Studio Solution File, Format Version 12.00
# Visual Studio Version 17
VisualStudioVersion = 17.4.33213.308
MinimumVisualStudioVersion = 10.0.40219.1
Project("{FAE04EC0-301F-11D3-BF4B-00C04F79EFBC}") = "01. Define a Class Person", "01. Define a Class Person\01. Define a Class Person.csproj", "{81D60F8D-18BD-46AC-BF46-1D2AEA573CF1}"
EndProject
Project("{FAE04EC0-301F-11D3-BF4B-00C04F79EFBC}") = "02. Creating Constructors", "02. Creating Constructors\02. Creating Constructors.csproj", "{EE40933C-5826-4657-A6D0-B4CDEF056EE5}"
EndProject
Project("{FAE04EC0-301F-11D3-BF4B-00C04F79EFBC}") = "03. Oldest Family Member", "03. Oldest Family Member\03. Oldest Family Member.csproj", "{A18FF7F6-0893-4924-9FB9-545BFD13BB81}"
EndProject
Project("{FAE04EC0-301F-11D3-BF4B-00C04F79EFBC}") = "04. Opinion Poll", "04. Opinion Poll\04. Opinion Poll.csproj", "{3EAF22B7-6F76-4770-AAA3-4A4C3FD9FBE8}"
EndProject
Project("{FAE04EC0-301F-11D3-BF4B-00C04F79EFBC}") = "05. Date Modifier", "05. Date Modifier\05. Date Modifier.csproj", "{A2748B41-9F39-4F38-ACB9-E25F0133AEE6}"
EndProject
Project("{FAE04EC0-301F-11D3-BF4B-00C04F79EFBC}") = "06. Speed Racing", "06. Speed Racing\06. Speed Racing.csproj", "{D8953C36-28E9-4A64-80DA-9D04723065BC}"
EndProject
Project("{FAE04EC0-301F-11D3-BF4B-00C04F79EFBC}") = "07. Raw Data", "07. Raw Data\07. Raw Data.csproj", "{EE3B1B2D-1A60-41B9-A14B-3CC3999AA7DF}"
EndProject
Project("{FAE04EC0-301F-11D3-BF4B-00C04F79EFBC}") = "08. Car Salesman", "08. Car Salesman\08. Car Salesman.csproj", "{32F4B7A5-FBA2-4678-8A29-DD8F05384CFF}"
EndProject
Global
	GlobalSection(SolutionConfigurationPlatforms) = preSolution
		Debug|Any CPU = Debug|Any CPU
		Release|Any CPU = Release|Any CPU
	EndGlobalSection
	GlobalSection(ProjectConfigurationPlatforms) = postSolution
		{81D60F8D-18BD-46AC-BF46-1D2AEA573CF1}.Debug|Any CPU.ActiveCfg = Debug|Any CPU
		{81D60F8D-18BD-46AC-BF46-1D2AEA573CF1}.Debug|Any CPU.Build.0 = Debug|Any CPU
		{81D60F8D-18BD-46AC-BF46-1D2AEA573CF1}.Release|Any CPU.ActiveCfg = Release|Any CPU
		{81D60F8D-18BD-46AC-BF46-1D2AEA573CF1}.Release|Any CPU.Build.0 = Release|Any CPU
		{EE40933C-5826-4657-A6D0-B4CDEF056EE5}.Debug|Any CPU.ActiveCfg = Debug|Any CPU
		{EE40933C-5826-4657-A6D0-B4CDEF056EE5}.Debug|Any CPU.Build.0 = Debug|Any CPU
		{EE40933C-5826-4657-A6D0-B4CDEF056EE5}.Release|Any CPU.ActiveCfg = Release|Any CPU
		{EE40933C-5826-4657-A6D0-B4CDEF056EE5}.Release|Any CPU.Build.0 = Release|Any CPU
		{A18FF7F6-0893-4924-9FB9-545BFD13BB81}.Debug|Any CPU.ActiveCfg = Debug|Any CPU
		{A18FF7F6-0893-4924-9FB9-545BFD13BB81}.Debug|Any CPU.Build.0 = Debug|Any CPU
		{A18FF7F6-0893-4924-9FB9-545BFD13BB81}.Release|Any CPU.ActiveCfg = Release|Any CPU
		{A18FF7F6-0893-4924-9FB9-545BFD13BB81}.Release|Any CPU.Build.0 = Release|Any CPU
		{3EAF22B7-6F76-4770-AAA3-4A4C3FD9FBE8}.Debug|Any CPU.ActiveCfg = Debug|Any CPU
		{3EAF22B7-6F76-4770-AAA3-4A4C3FD9FBE8}.Debug|Any CPU.Build.0 = Debug|Any CPU
		{3EAF22B7-6F76-4770-AAA3-4A4C3FD9FBE8}.Release|Any CPU.ActiveCfg = Release|Any CPU
		{3EAF22B7-6F76-4770-AAA3-4A4C3FD9FBE8}.Release|Any CPU.Build.0 = Release|Any CPU
		{A2748B41-9F39-4F38-ACB9-E25F0133AEE6}.Debug|Any CPU.ActiveCfg = Debug|Any CPU
		{A2748B41-9F39-4F38-ACB9-E25F0133AEE6}.Debug|Any CPU.Build.0 = Debug|Any CPU
		{A2748B41-9F39-4F38-ACB9-E25F0133AEE6}.Release|Any CPU.ActiveCfg = Release|Any CPU
		{A2748B41-9F39-4F38-ACB9-E25F0133AEE6}.Release|Any CPU.Build.0 = Release|Any CPU
		{D8953C36-28E9-4A64-80DA-9D04723065BC}.Debug|Any CPU.ActiveCfg = Debug|Any CPU
		{D8953C36-28E9-4A64-80DA-9D04723065BC}.Debug|Any CPU.Build.0 = Debug|Any CPU
		{D8953C36-28E9-4A64-80DA-9D04723065BC}.Release|Any CPU.ActiveCfg = Release|Any CPU
		{D8953C36-28E9-4A64-80DA-9D04723065BC}.Release|Any CPU.Build.0 = Release|Any CPU
		{EE3B1B2D-1A60-41B9-A14B-3CC3999AA7DF}.Debug|Any CPU.ActiveCfg = Debug|Any CPU
		{EE3B1B2D-1A60-41B9-A14B-3CC3999AA7DF}.Debug|Any CPU.Build.0 = Debug|Any CPU
		{EE3B1B2D-1A60-41B9-A14B-3CC3999AA7DF}.Release|Any CPU.ActiveCfg = Release|Any CPU
		{EE3B1B2D-1A60-41B9-A14B-3CC3999AA7DF}.Release|Any CPU.Build.0 = Release|Any CPU
		{32F4B7A5-FBA2-4678-8A29-DD8F05384CFF}.Debug|Any CPU.ActiveCfg = Debug|Any CPU
		{32F4B7A5-FBA2-4678-8A29-DD8F05384CFF}.Debug|Any CPU.Build.0 = Debug|Any CPU
		{32F4B7A5-FBA2-4678-8A29-DD8F05384CFF}.Release|Any CPU.ActiveCfg = Release|Any CPU
		{32F4B7A5-FBA2-4678-8A29-DD8F05384CFF}.Release|Any CPU.Build.0 = Release|Any CPU
	EndGlobalSection
	GlobalSection(SolutionProperties) = preSolution
		HideSolutionNode = FALSE
	EndGlobalSection
	GlobalSection(ExtensibilityGlobals) = postSolution
		SolutionGuid = {31C7EBD8-51D5-488F-AD75-692F72B25EAA}
	EndGlobalSection
EndGlobal
