
Microsoft Visual Studio Solution File, Format Version 12.00
# Visual Studio Version 16
VisualStudioVersion = 16.0.32602.291
MinimumVisualStudioVersion = 10.0.40219.1
Project("{FAE04EC0-301F-11D3-BF4B-00C04F79EFBC}") = "01. Count Same Values in Array", "01. Count Same Values in Array\01. Count Same Values in Array.csproj", "{1C0E5E93-4D24-4830-B70D-B354F5C9F3A9}"
EndProject
Global
	GlobalSection(SolutionConfigurationPlatforms) = preSolution
		Debug|Any CPU = Debug|Any CPU
		Release|Any CPU = Release|Any CPU
	EndGlobalSection
	GlobalSection(ProjectConfigurationPlatforms) = postSolution
		{1C0E5E93-4D24-4830-B70D-B354F5C9F3A9}.Debug|Any CPU.ActiveCfg = Debug|Any CPU
		{1C0E5E93-4D24-4830-B70D-B354F5C9F3A9}.Debug|Any CPU.Build.0 = Debug|Any CPU
		{1C0E5E93-4D24-4830-B70D-B354F5C9F3A9}.Release|Any CPU.ActiveCfg = Release|Any CPU
		{1C0E5E93-4D24-4830-B70D-B354F5C9F3A9}.Release|Any CPU.Build.0 = Release|Any CPU
	EndGlobalSection
	GlobalSection(SolutionProperties) = preSolution
		HideSolutionNode = FALSE
	EndGlobalSection
	GlobalSection(ExtensibilityGlobals) = postSolution
		SolutionGuid = {B8E19EAD-AFA9-46AB-9BED-07BEEEDD357B}
	EndGlobalSection
EndGlobal
