
Microsoft Visual Studio Solution File, Format Version 12.00
# Visual Studio Version 16
VisualStudioVersion = 16.0.32602.291
MinimumVisualStudioVersion = 10.0.40219.1
Project("{FAE04EC0-301F-11D3-BF4B-00C04F79EFBC}") = "01. Count Same Values in Array", "01. Count Same Values in Array\01. Count Same Values in Array.csproj", "{1C0E5E93-4D24-4830-B70D-B354F5C9F3A9}"
EndProject
Project("{FAE04EC0-301F-11D3-BF4B-00C04F79EFBC}") = "02. Average Student Grades", "02. Average Student Grades\02. Average Student Grades.csproj", "{78BF0AFE-D08E-43EE-9119-2D62AD9BDDF1}"
EndProject
Project("{FAE04EC0-301F-11D3-BF4B-00C04F79EFBC}") = "03. Largest 3 Numbers", "03. Largest 3 Numbers\03. Largest 3 Numbers.csproj", "{C12CD5C8-0DFC-44BC-9487-45F91EEEAAF3}"
EndProject
Project("{FAE04EC0-301F-11D3-BF4B-00C04F79EFBC}") = "04. Product Shop", "04. Product Shop\04. Product Shop.csproj", "{4C5095B9-9B6C-435F-81E9-8468D19AD21D}"
EndProject
Project("{FAE04EC0-301F-11D3-BF4B-00C04F79EFBC}") = "05. Cities by Continent and Country", "05. Cities by Continent and Country\05. Cities by Continent and Country.csproj", "{3223EB7A-37D1-4C46-90F5-2BD9477209E5}"
EndProject
Global
	GlobalSection(SolutionConfigurationPlatforms) = preSolution
		Debug|Any CPU = Debug|Any CPU
		Release|Any CPU = Release|Any CPU
	EndGlobalSection
	GlobalSection(ProjectConfigurationPlatforms) = postSolution
		{1C0E5E93-4D24-4830-B70D-B354F5C9F3A9}.Debug|Any CPU.ActiveCfg = Debug|Any CPU
		{1C0E5E93-4D24-4830-B70D-B354F5C9F3A9}.Debug|Any CPU.Build.0 = Debug|Any CPU
		{1C0E5E93-4D24-4830-B70D-B354F5C9F3A9}.Release|Any CPU.ActiveCfg = Release|Any CPU
		{1C0E5E93-4D24-4830-B70D-B354F5C9F3A9}.Release|Any CPU.Build.0 = Release|Any CPU
		{78BF0AFE-D08E-43EE-9119-2D62AD9BDDF1}.Debug|Any CPU.ActiveCfg = Debug|Any CPU
		{78BF0AFE-D08E-43EE-9119-2D62AD9BDDF1}.Debug|Any CPU.Build.0 = Debug|Any CPU
		{78BF0AFE-D08E-43EE-9119-2D62AD9BDDF1}.Release|Any CPU.ActiveCfg = Release|Any CPU
		{78BF0AFE-D08E-43EE-9119-2D62AD9BDDF1}.Release|Any CPU.Build.0 = Release|Any CPU
		{C12CD5C8-0DFC-44BC-9487-45F91EEEAAF3}.Debug|Any CPU.ActiveCfg = Debug|Any CPU
		{C12CD5C8-0DFC-44BC-9487-45F91EEEAAF3}.Debug|Any CPU.Build.0 = Debug|Any CPU
		{C12CD5C8-0DFC-44BC-9487-45F91EEEAAF3}.Release|Any CPU.ActiveCfg = Release|Any CPU
		{C12CD5C8-0DFC-44BC-9487-45F91EEEAAF3}.Release|Any CPU.Build.0 = Release|Any CPU
		{4C5095B9-9B6C-435F-81E9-8468D19AD21D}.Debug|Any CPU.ActiveCfg = Debug|Any CPU
		{4C5095B9-9B6C-435F-81E9-8468D19AD21D}.Debug|Any CPU.Build.0 = Debug|Any CPU
		{4C5095B9-9B6C-435F-81E9-8468D19AD21D}.Release|Any CPU.ActiveCfg = Release|Any CPU
		{4C5095B9-9B6C-435F-81E9-8468D19AD21D}.Release|Any CPU.Build.0 = Release|Any CPU
		{3223EB7A-37D1-4C46-90F5-2BD9477209E5}.Debug|Any CPU.ActiveCfg = Debug|Any CPU
		{3223EB7A-37D1-4C46-90F5-2BD9477209E5}.Debug|Any CPU.Build.0 = Debug|Any CPU
		{3223EB7A-37D1-4C46-90F5-2BD9477209E5}.Release|Any CPU.ActiveCfg = Release|Any CPU
		{3223EB7A-37D1-4C46-90F5-2BD9477209E5}.Release|Any CPU.Build.0 = Release|Any CPU
	EndGlobalSection
	GlobalSection(SolutionProperties) = preSolution
		HideSolutionNode = FALSE
	EndGlobalSection
	GlobalSection(ExtensibilityGlobals) = postSolution
		SolutionGuid = {B8E19EAD-AFA9-46AB-9BED-07BEEEDD357B}
	EndGlobalSection
EndGlobal
