
Microsoft Visual Studio Solution File, Format Version 12.00
# Visual Studio Version 16
VisualStudioVersion = 16.0.32602.291
MinimumVisualStudioVersion = 10.0.40219.1
Project("{9A19103F-16F7-4668-BE54-9A1E7A4F7556}") = "01. Sort Numbers", "01. Sort Numbers\01. Sort Numbers.csproj", "{61277E68-4381-48C6-BD9E-388F2C697AF1}"
EndProject
Project("{9A19103F-16F7-4668-BE54-9A1E7A4F7556}") = "02. English Name Last Digit", "02. English Name Last Digit\02. English Name Last Digit.csproj", "{A1A3163D-3920-434B-AB81-98F48EB08E43}"
EndProject
Project("{FAE04EC0-301F-11D3-BF4B-00C04F79EFBC}") = "03. Gaming Store", "03. Gaming Store\03. Gaming Store.csproj", "{28300CC4-72B2-4D50-9230-CDBB93C7F4D5}"
EndProject
Project("{FAE04EC0-301F-11D3-BF4B-00C04F79EFBC}") = "04. Reverse String", "04. Reverse String\04. Reverse String.csproj", "{49BCD7F1-387A-417A-ABC2-37DCD2F06816}"
EndProject
Project("{FAE04EC0-301F-11D3-BF4B-00C04F79EFBC}") = "05. Messages", "05. Messages\05. Messages.csproj", "{FE64D397-7A8D-4EEE-843F-E0FFFCB539DA}"
EndProject
Global
	GlobalSection(SolutionConfigurationPlatforms) = preSolution
		Debug|Any CPU = Debug|Any CPU
		Release|Any CPU = Release|Any CPU
	EndGlobalSection
	GlobalSection(ProjectConfigurationPlatforms) = postSolution
		{61277E68-4381-48C6-BD9E-388F2C697AF1}.Debug|Any CPU.ActiveCfg = Debug|Any CPU
		{61277E68-4381-48C6-BD9E-388F2C697AF1}.Debug|Any CPU.Build.0 = Debug|Any CPU
		{61277E68-4381-48C6-BD9E-388F2C697AF1}.Release|Any CPU.ActiveCfg = Release|Any CPU
		{61277E68-4381-48C6-BD9E-388F2C697AF1}.Release|Any CPU.Build.0 = Release|Any CPU
		{A1A3163D-3920-434B-AB81-98F48EB08E43}.Debug|Any CPU.ActiveCfg = Debug|Any CPU
		{A1A3163D-3920-434B-AB81-98F48EB08E43}.Debug|Any CPU.Build.0 = Debug|Any CPU
		{A1A3163D-3920-434B-AB81-98F48EB08E43}.Release|Any CPU.ActiveCfg = Release|Any CPU
		{A1A3163D-3920-434B-AB81-98F48EB08E43}.Release|Any CPU.Build.0 = Release|Any CPU
		{28300CC4-72B2-4D50-9230-CDBB93C7F4D5}.Debug|Any CPU.ActiveCfg = Debug|Any CPU
		{28300CC4-72B2-4D50-9230-CDBB93C7F4D5}.Debug|Any CPU.Build.0 = Debug|Any CPU
		{28300CC4-72B2-4D50-9230-CDBB93C7F4D5}.Release|Any CPU.ActiveCfg = Release|Any CPU
		{28300CC4-72B2-4D50-9230-CDBB93C7F4D5}.Release|Any CPU.Build.0 = Release|Any CPU
		{49BCD7F1-387A-417A-ABC2-37DCD2F06816}.Debug|Any CPU.ActiveCfg = Debug|Any CPU
		{49BCD7F1-387A-417A-ABC2-37DCD2F06816}.Debug|Any CPU.Build.0 = Debug|Any CPU
		{49BCD7F1-387A-417A-ABC2-37DCD2F06816}.Release|Any CPU.ActiveCfg = Release|Any CPU
		{49BCD7F1-387A-417A-ABC2-37DCD2F06816}.Release|Any CPU.Build.0 = Release|Any CPU
		{FE64D397-7A8D-4EEE-843F-E0FFFCB539DA}.Debug|Any CPU.ActiveCfg = Debug|Any CPU
		{FE64D397-7A8D-4EEE-843F-E0FFFCB539DA}.Debug|Any CPU.Build.0 = Debug|Any CPU
		{FE64D397-7A8D-4EEE-843F-E0FFFCB539DA}.Release|Any CPU.ActiveCfg = Release|Any CPU
		{FE64D397-7A8D-4EEE-843F-E0FFFCB539DA}.Release|Any CPU.Build.0 = Release|Any CPU
	EndGlobalSection
	GlobalSection(SolutionProperties) = preSolution
		HideSolutionNode = FALSE
	EndGlobalSection
	GlobalSection(ExtensibilityGlobals) = postSolution
		SolutionGuid = {EB657DE5-1801-4889-8670-0A756E0EFC76}
	EndGlobalSection
EndGlobal
