
Microsoft Visual Studio Solution File, Format Version 12.00
# Visual Studio Version 16
VisualStudioVersion = 16.0.32602.291
MinimumVisualStudioVersion = 10.0.40219.1
Project("{FAE04EC0-301F-11D3-BF4B-00C04F79EFBC}") = "01. Secret Chat", "01. Secret Chat\01. Secret Chat.csproj", "{AA9CAB3E-7207-42FC-8F34-0B0867B4FD66}"
EndProject
Project("{FAE04EC0-301F-11D3-BF4B-00C04F79EFBC}") = "02. Mirror Words", "02. Mirror Words\02. Mirror Words.csproj", "{54C5C616-0600-4876-AD12-B61E8174C31F}"
EndProject
Global
	GlobalSection(SolutionConfigurationPlatforms) = preSolution
		Debug|Any CPU = Debug|Any CPU
		Release|Any CPU = Release|Any CPU
	EndGlobalSection
	GlobalSection(ProjectConfigurationPlatforms) = postSolution
		{AA9CAB3E-7207-42FC-8F34-0B0867B4FD66}.Debug|Any CPU.ActiveCfg = Debug|Any CPU
		{AA9CAB3E-7207-42FC-8F34-0B0867B4FD66}.Debug|Any CPU.Build.0 = Debug|Any CPU
		{AA9CAB3E-7207-42FC-8F34-0B0867B4FD66}.Release|Any CPU.ActiveCfg = Release|Any CPU
		{AA9CAB3E-7207-42FC-8F34-0B0867B4FD66}.Release|Any CPU.Build.0 = Release|Any CPU
		{54C5C616-0600-4876-AD12-B61E8174C31F}.Debug|Any CPU.ActiveCfg = Debug|Any CPU
		{54C5C616-0600-4876-AD12-B61E8174C31F}.Debug|Any CPU.Build.0 = Debug|Any CPU
		{54C5C616-0600-4876-AD12-B61E8174C31F}.Release|Any CPU.ActiveCfg = Release|Any CPU
		{54C5C616-0600-4876-AD12-B61E8174C31F}.Release|Any CPU.Build.0 = Release|Any CPU
	EndGlobalSection
	GlobalSection(SolutionProperties) = preSolution
		HideSolutionNode = FALSE
	EndGlobalSection
	GlobalSection(ExtensibilityGlobals) = postSolution
		SolutionGuid = {5A3E7ACA-6936-48D4-89FC-47B90B371E4A}
	EndGlobalSection
EndGlobal
