
Microsoft Visual Studio Solution File, Format Version 12.00
# Visual Studio Version 17
VisualStudioVersion = 17.4.33213.308
MinimumVisualStudioVersion = 10.0.40219.1
Project("{FAE04EC0-301F-11D3-BF4B-00C04F79EFBC}") = "01. Apocalypse Preparation", "01. Apocalypse Preparation\01. Apocalypse Preparation.csproj", "{5DD417ED-2CC6-4EDA-897F-A33F41FE71E6}"
EndProject
Project("{FAE04EC0-301F-11D3-BF4B-00C04F79EFBC}") = "02. Blind Man's Buff", "02. Blind Man's Buff\02. Blind Man's Buff.csproj", "{5857DFF9-81B1-4D7C-A279-8C757CF02CD5}"
EndProject
Project("{FAE04EC0-301F-11D3-BF4B-00C04F79EFBC}") = "03. SoftUniKindergarten", "03. SoftUniKindergarten\03. SoftUniKindergarten.csproj", "{3EE76722-A1F6-4978-8491-CA6FF68E9958}"
EndProject
Global
	GlobalSection(SolutionConfigurationPlatforms) = preSolution
		Debug|Any CPU = Debug|Any CPU
		Release|Any CPU = Release|Any CPU
	EndGlobalSection
	GlobalSection(ProjectConfigurationPlatforms) = postSolution
		{5DD417ED-2CC6-4EDA-897F-A33F41FE71E6}.Debug|Any CPU.ActiveCfg = Debug|Any CPU
		{5DD417ED-2CC6-4EDA-897F-A33F41FE71E6}.Debug|Any CPU.Build.0 = Debug|Any CPU
		{5DD417ED-2CC6-4EDA-897F-A33F41FE71E6}.Release|Any CPU.ActiveCfg = Release|Any CPU
		{5DD417ED-2CC6-4EDA-897F-A33F41FE71E6}.Release|Any CPU.Build.0 = Release|Any CPU
		{5857DFF9-81B1-4D7C-A279-8C757CF02CD5}.Debug|Any CPU.ActiveCfg = Debug|Any CPU
		{5857DFF9-81B1-4D7C-A279-8C757CF02CD5}.Debug|Any CPU.Build.0 = Debug|Any CPU
		{5857DFF9-81B1-4D7C-A279-8C757CF02CD5}.Release|Any CPU.ActiveCfg = Release|Any CPU
		{5857DFF9-81B1-4D7C-A279-8C757CF02CD5}.Release|Any CPU.Build.0 = Release|Any CPU
		{3EE76722-A1F6-4978-8491-CA6FF68E9958}.Debug|Any CPU.ActiveCfg = Debug|Any CPU
		{3EE76722-A1F6-4978-8491-CA6FF68E9958}.Debug|Any CPU.Build.0 = Debug|Any CPU
		{3EE76722-A1F6-4978-8491-CA6FF68E9958}.Release|Any CPU.ActiveCfg = Release|Any CPU
		{3EE76722-A1F6-4978-8491-CA6FF68E9958}.Release|Any CPU.Build.0 = Release|Any CPU
	EndGlobalSection
	GlobalSection(SolutionProperties) = preSolution
		HideSolutionNode = FALSE
	EndGlobalSection
	GlobalSection(ExtensibilityGlobals) = postSolution
		SolutionGuid = {A1E16F22-4EC7-4DBF-A171-A514F7ED97CE}
	EndGlobalSection
EndGlobal
