
Microsoft Visual Studio Solution File, Format Version 12.00
# Visual Studio Version 16
VisualStudioVersion = 16.0.32602.291
MinimumVisualStudioVersion = 10.0.40219.1
Project("{FAE04EC0-301F-11D3-BF4B-00C04F79EFBC}") = "01. Sort Even Numbers", "01. Sort Even Numbers\01. Sort Even Numbers.csproj", "{858A708A-E61E-414B-A7A8-29FE6F1A15EA}"
EndProject
Project("{FAE04EC0-301F-11D3-BF4B-00C04F79EFBC}") = "02. Sum Numbers", "02. Sum Numbers\02. Sum Numbers.csproj", "{EE0C51F8-AFD0-4039-9468-2BFFBE1C20F9}"
EndProject
Global
	GlobalSection(SolutionConfigurationPlatforms) = preSolution
		Debug|Any CPU = Debug|Any CPU
		Release|Any CPU = Release|Any CPU
	EndGlobalSection
	GlobalSection(ProjectConfigurationPlatforms) = postSolution
		{858A708A-E61E-414B-A7A8-29FE6F1A15EA}.Debug|Any CPU.ActiveCfg = Debug|Any CPU
		{858A708A-E61E-414B-A7A8-29FE6F1A15EA}.Debug|Any CPU.Build.0 = Debug|Any CPU
		{858A708A-E61E-414B-A7A8-29FE6F1A15EA}.Release|Any CPU.ActiveCfg = Release|Any CPU
		{858A708A-E61E-414B-A7A8-29FE6F1A15EA}.Release|Any CPU.Build.0 = Release|Any CPU
		{EE0C51F8-AFD0-4039-9468-2BFFBE1C20F9}.Debug|Any CPU.ActiveCfg = Debug|Any CPU
		{EE0C51F8-AFD0-4039-9468-2BFFBE1C20F9}.Debug|Any CPU.Build.0 = Debug|Any CPU
		{EE0C51F8-AFD0-4039-9468-2BFFBE1C20F9}.Release|Any CPU.ActiveCfg = Release|Any CPU
		{EE0C51F8-AFD0-4039-9468-2BFFBE1C20F9}.Release|Any CPU.Build.0 = Release|Any CPU
	EndGlobalSection
	GlobalSection(SolutionProperties) = preSolution
		HideSolutionNode = FALSE
	EndGlobalSection
	GlobalSection(ExtensibilityGlobals) = postSolution
		SolutionGuid = {6F48A699-8434-4C61-A18D-2CA99536470C}
	EndGlobalSection
EndGlobal
