
Microsoft Visual Studio Solution File, Format Version 12.00
# Visual Studio Version 16
VisualStudioVersion = 16.0.32602.291
MinimumVisualStudioVersion = 10.0.40219.1
Project("{FAE04EC0-301F-11D3-BF4B-00C04F79EFBC}") = "01. World Tour", "01. World Tour\01. World Tour.csproj", "{C8F83860-3E03-4CBA-8524-4654A74EFDC8}"
EndProject
Project("{FAE04EC0-301F-11D3-BF4B-00C04F79EFBC}") = "02. Destination Mapper", "02. Destination Mapper\02. Destination Mapper.csproj", "{494A3E6E-5D53-413A-83B1-0E93008ABE94}"
EndProject
Project("{FAE04EC0-301F-11D3-BF4B-00C04F79EFBC}") = "03. Plant Discovery", "03. Plant Discovery\03. Plant Discovery.csproj", "{E1ACF599-2059-4EED-8DFD-58E5988B388B}"
EndProject
Global
	GlobalSection(SolutionConfigurationPlatforms) = preSolution
		Debug|Any CPU = Debug|Any CPU
		Release|Any CPU = Release|Any CPU
	EndGlobalSection
	GlobalSection(ProjectConfigurationPlatforms) = postSolution
		{C8F83860-3E03-4CBA-8524-4654A74EFDC8}.Debug|Any CPU.ActiveCfg = Debug|Any CPU
		{C8F83860-3E03-4CBA-8524-4654A74EFDC8}.Debug|Any CPU.Build.0 = Debug|Any CPU
		{C8F83860-3E03-4CBA-8524-4654A74EFDC8}.Release|Any CPU.ActiveCfg = Release|Any CPU
		{C8F83860-3E03-4CBA-8524-4654A74EFDC8}.Release|Any CPU.Build.0 = Release|Any CPU
		{494A3E6E-5D53-413A-83B1-0E93008ABE94}.Debug|Any CPU.ActiveCfg = Debug|Any CPU
		{494A3E6E-5D53-413A-83B1-0E93008ABE94}.Debug|Any CPU.Build.0 = Debug|Any CPU
		{494A3E6E-5D53-413A-83B1-0E93008ABE94}.Release|Any CPU.ActiveCfg = Release|Any CPU
		{494A3E6E-5D53-413A-83B1-0E93008ABE94}.Release|Any CPU.Build.0 = Release|Any CPU
		{E1ACF599-2059-4EED-8DFD-58E5988B388B}.Debug|Any CPU.ActiveCfg = Debug|Any CPU
		{E1ACF599-2059-4EED-8DFD-58E5988B388B}.Debug|Any CPU.Build.0 = Debug|Any CPU
		{E1ACF599-2059-4EED-8DFD-58E5988B388B}.Release|Any CPU.ActiveCfg = Release|Any CPU
		{E1ACF599-2059-4EED-8DFD-58E5988B388B}.Release|Any CPU.Build.0 = Release|Any CPU
	EndGlobalSection
	GlobalSection(SolutionProperties) = preSolution
		HideSolutionNode = FALSE
	EndGlobalSection
	GlobalSection(ExtensibilityGlobals) = postSolution
		SolutionGuid = {051639D2-C9C2-4963-AC1D-4631022B73F3}
	EndGlobalSection
EndGlobal
