
Microsoft Visual Studio Solution File, Format Version 12.00
# Visual Studio Version 16
VisualStudioVersion = 16.0.32602.291
MinimumVisualStudioVersion = 10.0.40219.1
Project("{FAE04EC0-301F-11D3-BF4B-00C04F79EFBC}") = "01. Valid Usernames", "01. Valid Usernames\01. Valid Usernames.csproj", "{7FB28619-9908-4323-B39E-D5BB88BFFE73}"
EndProject
Project("{FAE04EC0-301F-11D3-BF4B-00C04F79EFBC}") = "02. Character Multiplier", "02. Character Multiplier\02. Character Multiplier.csproj", "{68CDDC7E-47E1-4480-A696-9AAA1B7326D7}"
EndProject
Project("{FAE04EC0-301F-11D3-BF4B-00C04F79EFBC}") = "03. Extract File", "03. Extract File\03. Extract File.csproj", "{006C5E3E-4D61-4E6A-81DA-B5367B957B69}"
EndProject
Global
	GlobalSection(SolutionConfigurationPlatforms) = preSolution
		Debug|Any CPU = Debug|Any CPU
		Release|Any CPU = Release|Any CPU
	EndGlobalSection
	GlobalSection(ProjectConfigurationPlatforms) = postSolution
		{7FB28619-9908-4323-B39E-D5BB88BFFE73}.Debug|Any CPU.ActiveCfg = Debug|Any CPU
		{7FB28619-9908-4323-B39E-D5BB88BFFE73}.Debug|Any CPU.Build.0 = Debug|Any CPU
		{7FB28619-9908-4323-B39E-D5BB88BFFE73}.Release|Any CPU.ActiveCfg = Release|Any CPU
		{7FB28619-9908-4323-B39E-D5BB88BFFE73}.Release|Any CPU.Build.0 = Release|Any CPU
		{68CDDC7E-47E1-4480-A696-9AAA1B7326D7}.Debug|Any CPU.ActiveCfg = Debug|Any CPU
		{68CDDC7E-47E1-4480-A696-9AAA1B7326D7}.Debug|Any CPU.Build.0 = Debug|Any CPU
		{68CDDC7E-47E1-4480-A696-9AAA1B7326D7}.Release|Any CPU.ActiveCfg = Release|Any CPU
		{68CDDC7E-47E1-4480-A696-9AAA1B7326D7}.Release|Any CPU.Build.0 = Release|Any CPU
		{006C5E3E-4D61-4E6A-81DA-B5367B957B69}.Debug|Any CPU.ActiveCfg = Debug|Any CPU
		{006C5E3E-4D61-4E6A-81DA-B5367B957B69}.Debug|Any CPU.Build.0 = Debug|Any CPU
		{006C5E3E-4D61-4E6A-81DA-B5367B957B69}.Release|Any CPU.ActiveCfg = Release|Any CPU
		{006C5E3E-4D61-4E6A-81DA-B5367B957B69}.Release|Any CPU.Build.0 = Release|Any CPU
	EndGlobalSection
	GlobalSection(SolutionProperties) = preSolution
		HideSolutionNode = FALSE
	EndGlobalSection
	GlobalSection(ExtensibilityGlobals) = postSolution
		SolutionGuid = {C5F0205E-1F4C-4E23-852C-9EB2F4D1899C}
	EndGlobalSection
EndGlobal
