
Microsoft Visual Studio Solution File, Format Version 12.00
# Visual Studio Version 17
VisualStudioVersion = 17.4.33213.308
MinimumVisualStudioVersion = 10.0.40219.1
Project("{FAE04EC0-301F-11D3-BF4B-00C04F79EFBC}") = "01. Barista Contest", "01. Barista Contest\01. Barista Contest.csproj", "{87D2D1D9-E911-4743-9180-98D336D68F1B}"
EndProject
Project("{FAE04EC0-301F-11D3-BF4B-00C04F79EFBC}") = "02. Help-A-Mole", "02. Help-A-Mole\02. Help-A-Mole.csproj", "{3A47E96C-EF4A-4DF6-B21C-7985B4F3FDDA}"
EndProject
Global
	GlobalSection(SolutionConfigurationPlatforms) = preSolution
		Debug|Any CPU = Debug|Any CPU
		Release|Any CPU = Release|Any CPU
	EndGlobalSection
	GlobalSection(ProjectConfigurationPlatforms) = postSolution
		{87D2D1D9-E911-4743-9180-98D336D68F1B}.Debug|Any CPU.ActiveCfg = Debug|Any CPU
		{87D2D1D9-E911-4743-9180-98D336D68F1B}.Debug|Any CPU.Build.0 = Debug|Any CPU
		{87D2D1D9-E911-4743-9180-98D336D68F1B}.Release|Any CPU.ActiveCfg = Release|Any CPU
		{87D2D1D9-E911-4743-9180-98D336D68F1B}.Release|Any CPU.Build.0 = Release|Any CPU
		{3A47E96C-EF4A-4DF6-B21C-7985B4F3FDDA}.Debug|Any CPU.ActiveCfg = Debug|Any CPU
		{3A47E96C-EF4A-4DF6-B21C-7985B4F3FDDA}.Debug|Any CPU.Build.0 = Debug|Any CPU
		{3A47E96C-EF4A-4DF6-B21C-7985B4F3FDDA}.Release|Any CPU.ActiveCfg = Release|Any CPU
		{3A47E96C-EF4A-4DF6-B21C-7985B4F3FDDA}.Release|Any CPU.Build.0 = Release|Any CPU
	EndGlobalSection
	GlobalSection(SolutionProperties) = preSolution
		HideSolutionNode = FALSE
	EndGlobalSection
	GlobalSection(ExtensibilityGlobals) = postSolution
		SolutionGuid = {B8D5CD2B-03C9-41D4-ABD5-BE2C94C5B631}
	EndGlobalSection
EndGlobal
