
Microsoft Visual Studio Solution File, Format Version 12.00
# Visual Studio Version 16
VisualStudioVersion = 16.0.32602.291
MinimumVisualStudioVersion = 10.0.40219.1
Project("{FAE04EC0-301F-11D3-BF4B-00C04F79EFBC}") = "exmple", "exmple\exmple.csproj", "{DE37D206-463F-49E9-9158-5CC93E0A0FCD}"
EndProject
Global
	GlobalSection(SolutionConfigurationPlatforms) = preSolution
		Debug|Any CPU = Debug|Any CPU
		Release|Any CPU = Release|Any CPU
	EndGlobalSection
	GlobalSection(ProjectConfigurationPlatforms) = postSolution
		{DE37D206-463F-49E9-9158-5CC93E0A0FCD}.Debug|Any CPU.ActiveCfg = Debug|Any CPU
		{DE37D206-463F-49E9-9158-5CC93E0A0FCD}.Debug|Any CPU.Build.0 = Debug|Any CPU
		{DE37D206-463F-49E9-9158-5CC93E0A0FCD}.Release|Any CPU.ActiveCfg = Release|Any CPU
		{DE37D206-463F-49E9-9158-5CC93E0A0FCD}.Release|Any CPU.Build.0 = Release|Any CPU
	EndGlobalSection
	GlobalSection(SolutionProperties) = preSolution
		HideSolutionNode = FALSE
	EndGlobalSection
	GlobalSection(ExtensibilityGlobals) = postSolution
		SolutionGuid = {032F57EE-B03B-4EDE-B602-CF9D01E09B0D}
	EndGlobalSection
EndGlobal
