
Microsoft Visual Studio Solution File, Format Version 12.00
# Visual Studio Version 16
VisualStudioVersion = 16.0.32602.291
MinimumVisualStudioVersion = 10.0.40219.1
Project("{FAE04EC0-301F-11D3-BF4B-00C04F79EFBC}") = "01. Unique Usernames", "01. Unique Usernames\01. Unique Usernames.csproj", "{2791AFF7-235C-4564-8A65-B8170FC56632}"
EndProject
Project("{FAE04EC0-301F-11D3-BF4B-00C04F79EFBC}") = "02. Sets of Elements", "02. Sets of Elements\02. Sets of Elements.csproj", "{D4A60F4C-7C4F-442C-B92C-F56296B288F6}"
EndProject
Project("{FAE04EC0-301F-11D3-BF4B-00C04F79EFBC}") = "03. Periodic Table", "03. Periodic Table\03. Periodic Table.csproj", "{15F8CC62-9D33-47D6-AEEA-ADCE70EF658E}"
EndProject
Project("{FAE04EC0-301F-11D3-BF4B-00C04F79EFBC}") = "04. Even Times", "04. Even Times\04. Even Times.csproj", "{363659E7-9998-46F1-9445-B818B8760400}"
EndProject
Project("{FAE04EC0-301F-11D3-BF4B-00C04F79EFBC}") = "05. Count Symbols", "05. Count Symbols\05. Count Symbols.csproj", "{AD3540EE-1547-41A2-96C2-A8AEDED14363}"
EndProject
Global
	GlobalSection(SolutionConfigurationPlatforms) = preSolution
		Debug|Any CPU = Debug|Any CPU
		Release|Any CPU = Release|Any CPU
	EndGlobalSection
	GlobalSection(ProjectConfigurationPlatforms) = postSolution
		{2791AFF7-235C-4564-8A65-B8170FC56632}.Debug|Any CPU.ActiveCfg = Debug|Any CPU
		{2791AFF7-235C-4564-8A65-B8170FC56632}.Debug|Any CPU.Build.0 = Debug|Any CPU
		{2791AFF7-235C-4564-8A65-B8170FC56632}.Release|Any CPU.ActiveCfg = Release|Any CPU
		{2791AFF7-235C-4564-8A65-B8170FC56632}.Release|Any CPU.Build.0 = Release|Any CPU
		{D4A60F4C-7C4F-442C-B92C-F56296B288F6}.Debug|Any CPU.ActiveCfg = Debug|Any CPU
		{D4A60F4C-7C4F-442C-B92C-F56296B288F6}.Debug|Any CPU.Build.0 = Debug|Any CPU
		{D4A60F4C-7C4F-442C-B92C-F56296B288F6}.Release|Any CPU.ActiveCfg = Release|Any CPU
		{D4A60F4C-7C4F-442C-B92C-F56296B288F6}.Release|Any CPU.Build.0 = Release|Any CPU
		{15F8CC62-9D33-47D6-AEEA-ADCE70EF658E}.Debug|Any CPU.ActiveCfg = Debug|Any CPU
		{15F8CC62-9D33-47D6-AEEA-ADCE70EF658E}.Debug|Any CPU.Build.0 = Debug|Any CPU
		{15F8CC62-9D33-47D6-AEEA-ADCE70EF658E}.Release|Any CPU.ActiveCfg = Release|Any CPU
		{15F8CC62-9D33-47D6-AEEA-ADCE70EF658E}.Release|Any CPU.Build.0 = Release|Any CPU
		{363659E7-9998-46F1-9445-B818B8760400}.Debug|Any CPU.ActiveCfg = Debug|Any CPU
		{363659E7-9998-46F1-9445-B818B8760400}.Debug|Any CPU.Build.0 = Debug|Any CPU
		{363659E7-9998-46F1-9445-B818B8760400}.Release|Any CPU.ActiveCfg = Release|Any CPU
		{363659E7-9998-46F1-9445-B818B8760400}.Release|Any CPU.Build.0 = Release|Any CPU
		{AD3540EE-1547-41A2-96C2-A8AEDED14363}.Debug|Any CPU.ActiveCfg = Debug|Any CPU
		{AD3540EE-1547-41A2-96C2-A8AEDED14363}.Debug|Any CPU.Build.0 = Debug|Any CPU
		{AD3540EE-1547-41A2-96C2-A8AEDED14363}.Release|Any CPU.ActiveCfg = Release|Any CPU
		{AD3540EE-1547-41A2-96C2-A8AEDED14363}.Release|Any CPU.Build.0 = Release|Any CPU
	EndGlobalSection
	GlobalSection(SolutionProperties) = preSolution
		HideSolutionNode = FALSE
	EndGlobalSection
	GlobalSection(ExtensibilityGlobals) = postSolution
		SolutionGuid = {1B95A20D-E9D6-4220-A9E6-E3DA15214566}
	EndGlobalSection
EndGlobal
