
Microsoft Visual Studio Solution File, Format Version 12.00
# Visual Studio Version 16
VisualStudioVersion = 16.0.32602.291
MinimumVisualStudioVersion = 10.0.40219.1
Project("{FAE04EC0-301F-11D3-BF4B-00C04F79EFBC}") = "01. Moon", "Task1\01. Moon.csproj", "{2F01BFF7-A010-45BA-89D7-7BCB47F7E005}"
EndProject
Project("{FAE04EC0-301F-11D3-BF4B-00C04F79EFBC}") = "02. Beer And Chips", "Task2\02. Beer And Chips.csproj", "{A80C994F-E052-4AD7-9D5E-C04CB3D1FE5D}"
EndProject
Project("{FAE04EC0-301F-11D3-BF4B-00C04F79EFBC}") = "03. Cat Life", "Task3\03. Cat Life.csproj", "{0EA9EAD6-ED1A-4282-8D1F-DA76D112D36D}"
EndProject
Project("{FAE04EC0-301F-11D3-BF4B-00C04F79EFBC}") = "04. Gifts from Santa", "Task4\04. Gifts from Santa.csproj", "{747BECAA-5B6E-4758-A2B2-1E3293A21C61}"
EndProject
Project("{FAE04EC0-301F-11D3-BF4B-00C04F79EFBC}") = "05. Christmas Gifts2345", "Task5\05. Christmas Gifts2345.csproj", "{B5CC3780-511E-47F6-AA10-2F7CD3EB55FC}"
EndProject
Project("{FAE04EC0-301F-11D3-BF4B-00C04F79EFBC}") = "06. Gold Mine", "Task6\06. Gold Mine.csproj", "{3FC00F5C-B008-4DA4-92CD-3220D93D5899}"
EndProject
Global
	GlobalSection(SolutionConfigurationPlatforms) = preSolution
		Debug|Any CPU = Debug|Any CPU
		Release|Any CPU = Release|Any CPU
	EndGlobalSection
	GlobalSection(ProjectConfigurationPlatforms) = postSolution
		{2F01BFF7-A010-45BA-89D7-7BCB47F7E005}.Debug|Any CPU.ActiveCfg = Debug|Any CPU
		{2F01BFF7-A010-45BA-89D7-7BCB47F7E005}.Debug|Any CPU.Build.0 = Debug|Any CPU
		{2F01BFF7-A010-45BA-89D7-7BCB47F7E005}.Release|Any CPU.ActiveCfg = Release|Any CPU
		{2F01BFF7-A010-45BA-89D7-7BCB47F7E005}.Release|Any CPU.Build.0 = Release|Any CPU
		{A80C994F-E052-4AD7-9D5E-C04CB3D1FE5D}.Debug|Any CPU.ActiveCfg = Debug|Any CPU
		{A80C994F-E052-4AD7-9D5E-C04CB3D1FE5D}.Debug|Any CPU.Build.0 = Debug|Any CPU
		{A80C994F-E052-4AD7-9D5E-C04CB3D1FE5D}.Release|Any CPU.ActiveCfg = Release|Any CPU
		{A80C994F-E052-4AD7-9D5E-C04CB3D1FE5D}.Release|Any CPU.Build.0 = Release|Any CPU
		{0EA9EAD6-ED1A-4282-8D1F-DA76D112D36D}.Debug|Any CPU.ActiveCfg = Debug|Any CPU
		{0EA9EAD6-ED1A-4282-8D1F-DA76D112D36D}.Debug|Any CPU.Build.0 = Debug|Any CPU
		{0EA9EAD6-ED1A-4282-8D1F-DA76D112D36D}.Release|Any CPU.ActiveCfg = Release|Any CPU
		{0EA9EAD6-ED1A-4282-8D1F-DA76D112D36D}.Release|Any CPU.Build.0 = Release|Any CPU
		{747BECAA-5B6E-4758-A2B2-1E3293A21C61}.Debug|Any CPU.ActiveCfg = Debug|Any CPU
		{747BECAA-5B6E-4758-A2B2-1E3293A21C61}.Debug|Any CPU.Build.0 = Debug|Any CPU
		{747BECAA-5B6E-4758-A2B2-1E3293A21C61}.Release|Any CPU.ActiveCfg = Release|Any CPU
		{747BECAA-5B6E-4758-A2B2-1E3293A21C61}.Release|Any CPU.Build.0 = Release|Any CPU
		{B5CC3780-511E-47F6-AA10-2F7CD3EB55FC}.Debug|Any CPU.ActiveCfg = Debug|Any CPU
		{B5CC3780-511E-47F6-AA10-2F7CD3EB55FC}.Debug|Any CPU.Build.0 = Debug|Any CPU
		{B5CC3780-511E-47F6-AA10-2F7CD3EB55FC}.Release|Any CPU.ActiveCfg = Release|Any CPU
		{B5CC3780-511E-47F6-AA10-2F7CD3EB55FC}.Release|Any CPU.Build.0 = Release|Any CPU
		{3FC00F5C-B008-4DA4-92CD-3220D93D5899}.Debug|Any CPU.ActiveCfg = Debug|Any CPU
		{3FC00F5C-B008-4DA4-92CD-3220D93D5899}.Debug|Any CPU.Build.0 = Debug|Any CPU
		{3FC00F5C-B008-4DA4-92CD-3220D93D5899}.Release|Any CPU.ActiveCfg = Release|Any CPU
		{3FC00F5C-B008-4DA4-92CD-3220D93D5899}.Release|Any CPU.Build.0 = Release|Any CPU
	EndGlobalSection
	GlobalSection(SolutionProperties) = preSolution
		HideSolutionNode = FALSE
	EndGlobalSection
	GlobalSection(ExtensibilityGlobals) = postSolution
		SolutionGuid = {A40372D3-B71F-495C-A9E9-20E74813A5A2}
	EndGlobalSection
EndGlobal
