
Microsoft Visual Studio Solution File, Format Version 12.00
# Visual Studio Version 17
VisualStudioVersion = 17.5.33424.131
MinimumVisualStudioVersion = 10.0.40219.1
Project("{FAE04EC0-301F-11D3-BF4B-00C04F79EFBC}") = "01. Class Box Data", "01. Class Box Data\01. Class Box Data.csproj", "{09D8CAD6-DDA2-4754-8BB6-9F311EE7BB98}"
EndProject
Global
	GlobalSection(SolutionConfigurationPlatforms) = preSolution
		Debug|Any CPU = Debug|Any CPU
		Release|Any CPU = Release|Any CPU
	EndGlobalSection
	GlobalSection(ProjectConfigurationPlatforms) = postSolution
		{09D8CAD6-DDA2-4754-8BB6-9F311EE7BB98}.Debug|Any CPU.ActiveCfg = Debug|Any CPU
		{09D8CAD6-DDA2-4754-8BB6-9F311EE7BB98}.Debug|Any CPU.Build.0 = Debug|Any CPU
		{09D8CAD6-DDA2-4754-8BB6-9F311EE7BB98}.Release|Any CPU.ActiveCfg = Release|Any CPU
		{09D8CAD6-DDA2-4754-8BB6-9F311EE7BB98}.Release|Any CPU.Build.0 = Release|Any CPU
	EndGlobalSection
	GlobalSection(SolutionProperties) = preSolution
		HideSolutionNode = FALSE
	EndGlobalSection
	GlobalSection(ExtensibilityGlobals) = postSolution
		SolutionGuid = {00DDCF1E-79B7-422D-9D06-EB0C7969F229}
	EndGlobalSection
EndGlobal
