
Microsoft Visual Studio Solution File, Format Version 12.00
# Visual Studio Version 16
VisualStudioVersion = 16.0.32602.291
MinimumVisualStudioVersion = 10.0.40219.1
Project("{9A19103F-16F7-4668-BE54-9A1E7A4F7556}") = "01. Messaging", "01. Messaging\01. Messaging.csproj", "{49C38EA1-4651-4132-99CD-3E9B5938BE57}"
EndProject
Project("{FAE04EC0-301F-11D3-BF4B-00C04F79EFBC}") = "02. Car Race", "02. Car Race\02. Car Race.csproj", "{6FA39D6F-5CAA-4F79-8414-53C205071C86}"
EndProject
Project("{FAE04EC0-301F-11D3-BF4B-00C04F79EFBC}") = "03. TakeOrSkip Rope", "03. TakeOrSkip Rope\03. TakeOrSkip Rope.csproj", "{3A08A08F-2C79-4E98-974E-59572CFDB92D}"
EndProject
Global
	GlobalSection(SolutionConfigurationPlatforms) = preSolution
		Debug|Any CPU = Debug|Any CPU
		Release|Any CPU = Release|Any CPU
	EndGlobalSection
	GlobalSection(ProjectConfigurationPlatforms) = postSolution
		{49C38EA1-4651-4132-99CD-3E9B5938BE57}.Debug|Any CPU.ActiveCfg = Debug|Any CPU
		{49C38EA1-4651-4132-99CD-3E9B5938BE57}.Debug|Any CPU.Build.0 = Debug|Any CPU
		{49C38EA1-4651-4132-99CD-3E9B5938BE57}.Release|Any CPU.ActiveCfg = Release|Any CPU
		{49C38EA1-4651-4132-99CD-3E9B5938BE57}.Release|Any CPU.Build.0 = Release|Any CPU
		{6FA39D6F-5CAA-4F79-8414-53C205071C86}.Debug|Any CPU.ActiveCfg = Debug|Any CPU
		{6FA39D6F-5CAA-4F79-8414-53C205071C86}.Debug|Any CPU.Build.0 = Debug|Any CPU
		{6FA39D6F-5CAA-4F79-8414-53C205071C86}.Release|Any CPU.ActiveCfg = Release|Any CPU
		{6FA39D6F-5CAA-4F79-8414-53C205071C86}.Release|Any CPU.Build.0 = Release|Any CPU
		{3A08A08F-2C79-4E98-974E-59572CFDB92D}.Debug|Any CPU.ActiveCfg = Debug|Any CPU
		{3A08A08F-2C79-4E98-974E-59572CFDB92D}.Debug|Any CPU.Build.0 = Debug|Any CPU
		{3A08A08F-2C79-4E98-974E-59572CFDB92D}.Release|Any CPU.ActiveCfg = Release|Any CPU
		{3A08A08F-2C79-4E98-974E-59572CFDB92D}.Release|Any CPU.Build.0 = Release|Any CPU
	EndGlobalSection
	GlobalSection(SolutionProperties) = preSolution
		HideSolutionNode = FALSE
	EndGlobalSection
	GlobalSection(ExtensibilityGlobals) = postSolution
		SolutionGuid = {529F0A65-8F0D-4D0F-A678-2765053FB0AD}
	EndGlobalSection
EndGlobal
