
Microsoft Visual Studio Solution File, Format Version 12.00
# Visual Studio Version 16
VisualStudioVersion = 16.0.32602.291
MinimumVisualStudioVersion = 10.0.40219.1
Project("{9A19103F-16F7-4668-BE54-9A1E7A4F7556}") = "01. Train", "01. Train\01. Train.csproj", "{C7099A3D-9BF0-49C4-9F7B-9DCE9442FA46}"
EndProject
Project("{9A19103F-16F7-4668-BE54-9A1E7A4F7556}") = "02. Common Elements", "02. Common Elements\02. Common Elements.csproj", "{6C66DF9C-68FC-4432-9829-7171908F56A2}"
EndProject
Project("{9A19103F-16F7-4668-BE54-9A1E7A4F7556}") = "03. Zig-Zag Arrays", "03. Zig-Zag Arrays\03. Zig-Zag Arrays.csproj", "{776DFAD6-F23E-47CC-92DD-EAB416CC8190}"
EndProject
Project("{9A19103F-16F7-4668-BE54-9A1E7A4F7556}") = "04. Array Rotation", "04. Array Rotation\04. Array Rotation.csproj", "{1F262ADC-EFEE-463D-BE77-0F11F0037196}"
EndProject
Project("{FAE04EC0-301F-11D3-BF4B-00C04F79EFBC}") = "05. Top Integers", "05. Top Integers\05. Top Integers.csproj", "{582CF5F9-5487-4EAF-95C7-CC7E291144F6}"
EndProject
Global
	GlobalSection(SolutionConfigurationPlatforms) = preSolution
		Debug|Any CPU = Debug|Any CPU
		Release|Any CPU = Release|Any CPU
	EndGlobalSection
	GlobalSection(ProjectConfigurationPlatforms) = postSolution
		{C7099A3D-9BF0-49C4-9F7B-9DCE9442FA46}.Debug|Any CPU.ActiveCfg = Debug|Any CPU
		{C7099A3D-9BF0-49C4-9F7B-9DCE9442FA46}.Debug|Any CPU.Build.0 = Debug|Any CPU
		{C7099A3D-9BF0-49C4-9F7B-9DCE9442FA46}.Release|Any CPU.ActiveCfg = Release|Any CPU
		{C7099A3D-9BF0-49C4-9F7B-9DCE9442FA46}.Release|Any CPU.Build.0 = Release|Any CPU
		{6C66DF9C-68FC-4432-9829-7171908F56A2}.Debug|Any CPU.ActiveCfg = Debug|Any CPU
		{6C66DF9C-68FC-4432-9829-7171908F56A2}.Debug|Any CPU.Build.0 = Debug|Any CPU
		{6C66DF9C-68FC-4432-9829-7171908F56A2}.Release|Any CPU.ActiveCfg = Release|Any CPU
		{6C66DF9C-68FC-4432-9829-7171908F56A2}.Release|Any CPU.Build.0 = Release|Any CPU
		{776DFAD6-F23E-47CC-92DD-EAB416CC8190}.Debug|Any CPU.ActiveCfg = Debug|Any CPU
		{776DFAD6-F23E-47CC-92DD-EAB416CC8190}.Debug|Any CPU.Build.0 = Debug|Any CPU
		{776DFAD6-F23E-47CC-92DD-EAB416CC8190}.Release|Any CPU.ActiveCfg = Release|Any CPU
		{776DFAD6-F23E-47CC-92DD-EAB416CC8190}.Release|Any CPU.Build.0 = Release|Any CPU
		{1F262ADC-EFEE-463D-BE77-0F11F0037196}.Debug|Any CPU.ActiveCfg = Debug|Any CPU
		{1F262ADC-EFEE-463D-BE77-0F11F0037196}.Debug|Any CPU.Build.0 = Debug|Any CPU
		{1F262ADC-EFEE-463D-BE77-0F11F0037196}.Release|Any CPU.ActiveCfg = Release|Any CPU
		{1F262ADC-EFEE-463D-BE77-0F11F0037196}.Release|Any CPU.Build.0 = Release|Any CPU
		{582CF5F9-5487-4EAF-95C7-CC7E291144F6}.Debug|Any CPU.ActiveCfg = Debug|Any CPU
		{582CF5F9-5487-4EAF-95C7-CC7E291144F6}.Debug|Any CPU.Build.0 = Debug|Any CPU
		{582CF5F9-5487-4EAF-95C7-CC7E291144F6}.Release|Any CPU.ActiveCfg = Release|Any CPU
		{582CF5F9-5487-4EAF-95C7-CC7E291144F6}.Release|Any CPU.Build.0 = Release|Any CPU
	EndGlobalSection
	GlobalSection(SolutionProperties) = preSolution
		HideSolutionNode = FALSE
	EndGlobalSection
	GlobalSection(ExtensibilityGlobals) = postSolution
		SolutionGuid = {0B50585D-832A-4454-9C84-E73D9FAC9955}
	EndGlobalSection
EndGlobal
