
Microsoft Visual Studio Solution File, Format Version 12.00
# Visual Studio Version 16
VisualStudioVersion = 16.0.32602.291
MinimumVisualStudioVersion = 10.0.40219.1
Project("{9A19103F-16F7-4668-BE54-9A1E7A4F7556}") = "01. Phonebook", "01. Phonebook\01. Phonebook.csproj", "{D8A49213-73AD-4BEE-99E8-F7CF0C38F299}"
EndProject
Project("{9A19103F-16F7-4668-BE54-9A1E7A4F7556}") = "02. Phonebook Upgrade", "02. Phonebook Upgrade\02. Phonebook Upgrade.csproj", "{AA9A3D8F-05F7-4E86-8C00-3CA6FEFD10E4}"
EndProject
Project("{9A19103F-16F7-4668-BE54-9A1E7A4F7556}") = "04. Fix Emails", "04. Fix Emails\04. Fix Emails.csproj", "{2BC3F21C-54F4-4E34-AB87-0FC95929770C}"
EndProject
Project("{FAE04EC0-301F-11D3-BF4B-00C04F79EFBC}") = "05. Hands of Cards", "05. Hands of Cards\05. Hands of Cards.csproj", "{3B10934E-04B0-4DBB-A111-1697BFDFD37C}"
EndProject
Global
	GlobalSection(SolutionConfigurationPlatforms) = preSolution
		Debug|Any CPU = Debug|Any CPU
		Release|Any CPU = Release|Any CPU
	EndGlobalSection
	GlobalSection(ProjectConfigurationPlatforms) = postSolution
		{D8A49213-73AD-4BEE-99E8-F7CF0C38F299}.Debug|Any CPU.ActiveCfg = Debug|Any CPU
		{D8A49213-73AD-4BEE-99E8-F7CF0C38F299}.Debug|Any CPU.Build.0 = Debug|Any CPU
		{D8A49213-73AD-4BEE-99E8-F7CF0C38F299}.Release|Any CPU.ActiveCfg = Release|Any CPU
		{D8A49213-73AD-4BEE-99E8-F7CF0C38F299}.Release|Any CPU.Build.0 = Release|Any CPU
		{AA9A3D8F-05F7-4E86-8C00-3CA6FEFD10E4}.Debug|Any CPU.ActiveCfg = Debug|Any CPU
		{AA9A3D8F-05F7-4E86-8C00-3CA6FEFD10E4}.Debug|Any CPU.Build.0 = Debug|Any CPU
		{AA9A3D8F-05F7-4E86-8C00-3CA6FEFD10E4}.Release|Any CPU.ActiveCfg = Release|Any CPU
		{AA9A3D8F-05F7-4E86-8C00-3CA6FEFD10E4}.Release|Any CPU.Build.0 = Release|Any CPU
		{2BC3F21C-54F4-4E34-AB87-0FC95929770C}.Debug|Any CPU.ActiveCfg = Debug|Any CPU
		{2BC3F21C-54F4-4E34-AB87-0FC95929770C}.Debug|Any CPU.Build.0 = Debug|Any CPU
		{2BC3F21C-54F4-4E34-AB87-0FC95929770C}.Release|Any CPU.ActiveCfg = Release|Any CPU
		{2BC3F21C-54F4-4E34-AB87-0FC95929770C}.Release|Any CPU.Build.0 = Release|Any CPU
		{3B10934E-04B0-4DBB-A111-1697BFDFD37C}.Debug|Any CPU.ActiveCfg = Debug|Any CPU
		{3B10934E-04B0-4DBB-A111-1697BFDFD37C}.Debug|Any CPU.Build.0 = Debug|Any CPU
		{3B10934E-04B0-4DBB-A111-1697BFDFD37C}.Release|Any CPU.ActiveCfg = Release|Any CPU
		{3B10934E-04B0-4DBB-A111-1697BFDFD37C}.Release|Any CPU.Build.0 = Release|Any CPU
	EndGlobalSection
	GlobalSection(SolutionProperties) = preSolution
		HideSolutionNode = FALSE
	EndGlobalSection
	GlobalSection(ExtensibilityGlobals) = postSolution
		SolutionGuid = {59D43230-C6DA-4828-8A4D-7C77721AC24E}
	EndGlobalSection
EndGlobal
