
Microsoft Visual Studio Solution File, Format Version 12.00
# Visual Studio Version 16
VisualStudioVersion = 16.0.32602.291
MinimumVisualStudioVersion = 10.0.40219.1
Project("{FAE04EC0-301F-11D3-BF4B-00C04F79EFBC}") = "01. Smallest of Three Numbers", "01. Smallest of Three Numbers\01. Smallest of Three Numbers.csproj", "{B7D7A524-3EB6-471A-A726-8E9A011687DE}"
EndProject
Project("{FAE04EC0-301F-11D3-BF4B-00C04F79EFBC}") = "02. Vowels Count", "02. Vowels Count\02. Vowels Count.csproj", "{A30797B7-7EAE-4E46-A678-0CA4B71CB80A}"
EndProject
Project("{FAE04EC0-301F-11D3-BF4B-00C04F79EFBC}") = "03. Characters in Range", "03. Characters in Range\03. Characters in Range.csproj", "{9D88BACF-6D15-4A5E-A8D2-7DE8A8090BB7}"
EndProject
Project("{FAE04EC0-301F-11D3-BF4B-00C04F79EFBC}") = "04. Password Validator", "04. Password Validator\04. Password Validator.csproj", "{490BD925-4383-4249-B001-13CF7713D0A7}"
EndProject
Project("{FAE04EC0-301F-11D3-BF4B-00C04F79EFBC}") = "05. Add and Subtract", "05. Add and Subtract\05. Add and Subtract.csproj", "{11090EA1-6A47-48A2-8439-FC0A30D4CB05}"
EndProject
Project("{FAE04EC0-301F-11D3-BF4B-00C04F79EFBC}") = "06. Middle Characters", "06. Middle Characters\06. Middle Characters.csproj", "{3D3891EF-7F44-4DC3-97A3-3124A65A5428}"
EndProject
Project("{FAE04EC0-301F-11D3-BF4B-00C04F79EFBC}") = "07. NxN Matrix", "07. NxN Matrix\07. NxN Matrix.csproj", "{B476B5AB-38BB-44EA-A978-5506F5CBF2C0}"
EndProject
Project("{FAE04EC0-301F-11D3-BF4B-00C04F79EFBC}") = "08. Factorial Division", "08. Factorial Division\08. Factorial Division.csproj", "{D305BD99-79FC-4C49-9E8E-787E180F3815}"
EndProject
Global
	GlobalSection(SolutionConfigurationPlatforms) = preSolution
		Debug|Any CPU = Debug|Any CPU
		Release|Any CPU = Release|Any CPU
	EndGlobalSection
	GlobalSection(ProjectConfigurationPlatforms) = postSolution
		{B7D7A524-3EB6-471A-A726-8E9A011687DE}.Debug|Any CPU.ActiveCfg = Debug|Any CPU
		{B7D7A524-3EB6-471A-A726-8E9A011687DE}.Debug|Any CPU.Build.0 = Debug|Any CPU
		{B7D7A524-3EB6-471A-A726-8E9A011687DE}.Release|Any CPU.ActiveCfg = Release|Any CPU
		{B7D7A524-3EB6-471A-A726-8E9A011687DE}.Release|Any CPU.Build.0 = Release|Any CPU
		{A30797B7-7EAE-4E46-A678-0CA4B71CB80A}.Debug|Any CPU.ActiveCfg = Debug|Any CPU
		{A30797B7-7EAE-4E46-A678-0CA4B71CB80A}.Debug|Any CPU.Build.0 = Debug|Any CPU
		{A30797B7-7EAE-4E46-A678-0CA4B71CB80A}.Release|Any CPU.ActiveCfg = Release|Any CPU
		{A30797B7-7EAE-4E46-A678-0CA4B71CB80A}.Release|Any CPU.Build.0 = Release|Any CPU
		{9D88BACF-6D15-4A5E-A8D2-7DE8A8090BB7}.Debug|Any CPU.ActiveCfg = Debug|Any CPU
		{9D88BACF-6D15-4A5E-A8D2-7DE8A8090BB7}.Debug|Any CPU.Build.0 = Debug|Any CPU
		{9D88BACF-6D15-4A5E-A8D2-7DE8A8090BB7}.Release|Any CPU.ActiveCfg = Release|Any CPU
		{9D88BACF-6D15-4A5E-A8D2-7DE8A8090BB7}.Release|Any CPU.Build.0 = Release|Any CPU
		{490BD925-4383-4249-B001-13CF7713D0A7}.Debug|Any CPU.ActiveCfg = Debug|Any CPU
		{490BD925-4383-4249-B001-13CF7713D0A7}.Debug|Any CPU.Build.0 = Debug|Any CPU
		{490BD925-4383-4249-B001-13CF7713D0A7}.Release|Any CPU.ActiveCfg = Release|Any CPU
		{490BD925-4383-4249-B001-13CF7713D0A7}.Release|Any CPU.Build.0 = Release|Any CPU
		{11090EA1-6A47-48A2-8439-FC0A30D4CB05}.Debug|Any CPU.ActiveCfg = Debug|Any CPU
		{11090EA1-6A47-48A2-8439-FC0A30D4CB05}.Debug|Any CPU.Build.0 = Debug|Any CPU
		{11090EA1-6A47-48A2-8439-FC0A30D4CB05}.Release|Any CPU.ActiveCfg = Release|Any CPU
		{11090EA1-6A47-48A2-8439-FC0A30D4CB05}.Release|Any CPU.Build.0 = Release|Any CPU
		{3D3891EF-7F44-4DC3-97A3-3124A65A5428}.Debug|Any CPU.ActiveCfg = Debug|Any CPU
		{3D3891EF-7F44-4DC3-97A3-3124A65A5428}.Debug|Any CPU.Build.0 = Debug|Any CPU
		{3D3891EF-7F44-4DC3-97A3-3124A65A5428}.Release|Any CPU.ActiveCfg = Release|Any CPU
		{3D3891EF-7F44-4DC3-97A3-3124A65A5428}.Release|Any CPU.Build.0 = Release|Any CPU
		{B476B5AB-38BB-44EA-A978-5506F5CBF2C0}.Debug|Any CPU.ActiveCfg = Debug|Any CPU
		{B476B5AB-38BB-44EA-A978-5506F5CBF2C0}.Debug|Any CPU.Build.0 = Debug|Any CPU
		{B476B5AB-38BB-44EA-A978-5506F5CBF2C0}.Release|Any CPU.ActiveCfg = Release|Any CPU
		{B476B5AB-38BB-44EA-A978-5506F5CBF2C0}.Release|Any CPU.Build.0 = Release|Any CPU
		{D305BD99-79FC-4C49-9E8E-787E180F3815}.Debug|Any CPU.ActiveCfg = Debug|Any CPU
		{D305BD99-79FC-4C49-9E8E-787E180F3815}.Debug|Any CPU.Build.0 = Debug|Any CPU
		{D305BD99-79FC-4C49-9E8E-787E180F3815}.Release|Any CPU.ActiveCfg = Release|Any CPU
		{D305BD99-79FC-4C49-9E8E-787E180F3815}.Release|Any CPU.Build.0 = Release|Any CPU
	EndGlobalSection
	GlobalSection(SolutionProperties) = preSolution
		HideSolutionNode = FALSE
	EndGlobalSection
	GlobalSection(ExtensibilityGlobals) = postSolution
		SolutionGuid = {83CBD755-E108-4A45-A30E-2BB53B7188C7}
	EndGlobalSection
EndGlobal
