
Microsoft Visual Studio Solution File, Format Version 12.00
# Visual Studio Version 16
VisualStudioVersion = 16.0.32602.291
MinimumVisualStudioVersion = 10.0.40219.1
Project("{FAE04EC0-301F-11D3-BF4B-00C04F79EFBC}") = "01. Furniture", "01. Furniture\01. Furniture.csproj", "{8034E0FD-C7AE-4C2A-B248-BA9151BD7AB2}"
EndProject
Project("{FAE04EC0-301F-11D3-BF4B-00C04F79EFBC}") = "02. Race", "02. Race\02. Race.csproj", "{23AADC8A-CFF0-4338-BB7B-4A4B56C4CEA8}"
EndProject
Project("{FAE04EC0-301F-11D3-BF4B-00C04F79EFBC}") = "03. SoftUni Bar Income", "03. SoftUni Bar Income\03. SoftUni Bar Income.csproj", "{688A2F12-9D4A-485D-816C-3FCF7E97715B}"
EndProject
Project("{FAE04EC0-301F-11D3-BF4B-00C04F79EFBC}") = "04. Star Enigma", "04. Star Enigma\04. Star Enigma.csproj", "{6A060261-C287-42E5-A373-CD3739CF9D4F}"
EndProject
Global
	GlobalSection(SolutionConfigurationPlatforms) = preSolution
		Debug|Any CPU = Debug|Any CPU
		Release|Any CPU = Release|Any CPU
	EndGlobalSection
	GlobalSection(ProjectConfigurationPlatforms) = postSolution
		{8034E0FD-C7AE-4C2A-B248-BA9151BD7AB2}.Debug|Any CPU.ActiveCfg = Debug|Any CPU
		{8034E0FD-C7AE-4C2A-B248-BA9151BD7AB2}.Debug|Any CPU.Build.0 = Debug|Any CPU
		{8034E0FD-C7AE-4C2A-B248-BA9151BD7AB2}.Release|Any CPU.ActiveCfg = Release|Any CPU
		{8034E0FD-C7AE-4C2A-B248-BA9151BD7AB2}.Release|Any CPU.Build.0 = Release|Any CPU
		{23AADC8A-CFF0-4338-BB7B-4A4B56C4CEA8}.Debug|Any CPU.ActiveCfg = Debug|Any CPU
		{23AADC8A-CFF0-4338-BB7B-4A4B56C4CEA8}.Debug|Any CPU.Build.0 = Debug|Any CPU
		{23AADC8A-CFF0-4338-BB7B-4A4B56C4CEA8}.Release|Any CPU.ActiveCfg = Release|Any CPU
		{23AADC8A-CFF0-4338-BB7B-4A4B56C4CEA8}.Release|Any CPU.Build.0 = Release|Any CPU
		{688A2F12-9D4A-485D-816C-3FCF7E97715B}.Debug|Any CPU.ActiveCfg = Debug|Any CPU
		{688A2F12-9D4A-485D-816C-3FCF7E97715B}.Debug|Any CPU.Build.0 = Debug|Any CPU
		{688A2F12-9D4A-485D-816C-3FCF7E97715B}.Release|Any CPU.ActiveCfg = Release|Any CPU
		{688A2F12-9D4A-485D-816C-3FCF7E97715B}.Release|Any CPU.Build.0 = Release|Any CPU
		{6A060261-C287-42E5-A373-CD3739CF9D4F}.Debug|Any CPU.ActiveCfg = Debug|Any CPU
		{6A060261-C287-42E5-A373-CD3739CF9D4F}.Debug|Any CPU.Build.0 = Debug|Any CPU
		{6A060261-C287-42E5-A373-CD3739CF9D4F}.Release|Any CPU.ActiveCfg = Release|Any CPU
		{6A060261-C287-42E5-A373-CD3739CF9D4F}.Release|Any CPU.Build.0 = Release|Any CPU
	EndGlobalSection
	GlobalSection(SolutionProperties) = preSolution
		HideSolutionNode = FALSE
	EndGlobalSection
	GlobalSection(ExtensibilityGlobals) = postSolution
		SolutionGuid = {894F0931-4C63-4BF0-AB7F-DE6BE17692F9}
	EndGlobalSection
EndGlobal
