
Microsoft Visual Studio Solution File, Format Version 12.00
# Visual Studio Version 17
VisualStudioVersion = 17.4.33213.308
MinimumVisualStudioVersion = 10.0.40219.1
Project("{FAE04EC0-301F-11D3-BF4B-00C04F79EFBC}") = "01. Library", "01. Library\01. Library.csproj", "{11020AFF-0D3E-496B-AC91-9CFCE244EB19}"
EndProject
Global
	GlobalSection(SolutionConfigurationPlatforms) = preSolution
		Debug|Any CPU = Debug|Any CPU
		Release|Any CPU = Release|Any CPU
	EndGlobalSection
	GlobalSection(ProjectConfigurationPlatforms) = postSolution
		{11020AFF-0D3E-496B-AC91-9CFCE244EB19}.Debug|Any CPU.ActiveCfg = Debug|Any CPU
		{11020AFF-0D3E-496B-AC91-9CFCE244EB19}.Debug|Any CPU.Build.0 = Debug|Any CPU
		{11020AFF-0D3E-496B-AC91-9CFCE244EB19}.Release|Any CPU.ActiveCfg = Release|Any CPU
		{11020AFF-0D3E-496B-AC91-9CFCE244EB19}.Release|Any CPU.Build.0 = Release|Any CPU
	EndGlobalSection
	GlobalSection(SolutionProperties) = preSolution
		HideSolutionNode = FALSE
	EndGlobalSection
	GlobalSection(ExtensibilityGlobals) = postSolution
		SolutionGuid = {880849C8-C16D-4095-AC60-69FBCA4ECC7E}
	EndGlobalSection
EndGlobal
