
Microsoft Visual Studio Solution File, Format Version 12.00
# Visual Studio Version 16
VisualStudioVersion = 16.0.32602.291
MinimumVisualStudioVersion = 10.0.40219.1
Project("{FAE04EC0-301F-11D3-BF4B-00C04F79EFBC}") = "1. Diagonal Difference", "1. Diagonal Difference\1. Diagonal Difference.csproj", "{F656BF3D-53F7-487D-A3A7-076397E4EC13}"
EndProject
Global
	GlobalSection(SolutionConfigurationPlatforms) = preSolution
		Debug|Any CPU = Debug|Any CPU
		Release|Any CPU = Release|Any CPU
	EndGlobalSection
	GlobalSection(ProjectConfigurationPlatforms) = postSolution
		{F656BF3D-53F7-487D-A3A7-076397E4EC13}.Debug|Any CPU.ActiveCfg = Debug|Any CPU
		{F656BF3D-53F7-487D-A3A7-076397E4EC13}.Debug|Any CPU.Build.0 = Debug|Any CPU
		{F656BF3D-53F7-487D-A3A7-076397E4EC13}.Release|Any CPU.ActiveCfg = Release|Any CPU
		{F656BF3D-53F7-487D-A3A7-076397E4EC13}.Release|Any CPU.Build.0 = Release|Any CPU
	EndGlobalSection
	GlobalSection(SolutionProperties) = preSolution
		HideSolutionNode = FALSE
	EndGlobalSection
	GlobalSection(ExtensibilityGlobals) = postSolution
		SolutionGuid = {981DC87C-72E2-421F-A788-EDB802749C0E}
	EndGlobalSection
EndGlobal
