
Microsoft Visual Studio Solution File, Format Version 12.00
# Visual Studio Version 16
VisualStudioVersion = 16.0.32602.291
MinimumVisualStudioVersion = 10.0.40219.1
Project("{9A19103F-16F7-4668-BE54-9A1E7A4F7556}") = "04. Matrix Shuffling", "04. Matrix Shuffling\04. Matrix Shuffling.csproj", "{9AD3B822-1500-4BB0-96AB-E5E13E3D6807}"
EndProject
Project("{9A19103F-16F7-4668-BE54-9A1E7A4F7556}") = "03. Maximal Sum", "03. Maximal Sum\03. Maximal Sum.csproj", "{03816534-157F-42EC-B11D-9B1D5D9CDF55}"
EndProject
Project("{9A19103F-16F7-4668-BE54-9A1E7A4F7556}") = "02. Squares in Matrix", "02. Squares in Matrix\02. Squares in Matrix.csproj", "{A12D3BBB-63E9-4E97-8D3F-E7D2841F0931}"
EndProject
Project("{9A19103F-16F7-4668-BE54-9A1E7A4F7556}") = "01. Diagonal Difference", "01. Diagonal Difference\01. Diagonal Difference.csproj", "{546DE98F-3DDE-48BF-A993-58CBA742E3DE}"
EndProject
Project("{9A19103F-16F7-4668-BE54-9A1E7A4F7556}") = "05. Snake Moves", "05. Snake Moves\05. Snake Moves.csproj", "{AB7C74B8-4A16-4445-8DCB-5B4E54E690C6}"
EndProject
Project("{FAE04EC0-301F-11D3-BF4B-00C04F79EFBC}") = "07. Knight Game", "07. Knight Game\07. Knight Game.csproj", "{8FAFE5F2-8A53-4BF4-877E-4A6565B4DF8E}"
EndProject
Project("{FAE04EC0-301F-11D3-BF4B-00C04F79EFBC}") = "06. Jagged Array Manipulator", "06. Jagged Array Manipulator\06. Jagged Array Manipulator.csproj", "{F98F85E5-3B6B-4AE5-8F27-538F445D4208}"
EndProject
Project("{FAE04EC0-301F-11D3-BF4B-00C04F79EFBC}") = "08. Bombs", "08. Bombs\08. Bombs.csproj", "{B31CC112-20A8-43C5-8315-DE277F847A9A}"
EndProject
Project("{FAE04EC0-301F-11D3-BF4B-00C04F79EFBC}") = "09. Miner", "09. Miner\09. Miner.csproj", "{43743663-59C6-4C15-9845-51A8C0D4A534}"
EndProject
Project("{FAE04EC0-301F-11D3-BF4B-00C04F79EFBC}") = "10. Radioactive Mutant Vampire Bunnies", "10. Radioactive Mutant Vampire Bunnies\10. Radioactive Mutant Vampire Bunnies.csproj", "{F9E5974D-E86E-4563-835D-81111EAD6064}"
EndProject
Global
	GlobalSection(SolutionConfigurationPlatforms) = preSolution
		Debug|Any CPU = Debug|Any CPU
		Release|Any CPU = Release|Any CPU
	EndGlobalSection
	GlobalSection(ProjectConfigurationPlatforms) = postSolution
		{9AD3B822-1500-4BB0-96AB-E5E13E3D6807}.Debug|Any CPU.ActiveCfg = Debug|Any CPU
		{9AD3B822-1500-4BB0-96AB-E5E13E3D6807}.Debug|Any CPU.Build.0 = Debug|Any CPU
		{9AD3B822-1500-4BB0-96AB-E5E13E3D6807}.Release|Any CPU.ActiveCfg = Release|Any CPU
		{9AD3B822-1500-4BB0-96AB-E5E13E3D6807}.Release|Any CPU.Build.0 = Release|Any CPU
		{03816534-157F-42EC-B11D-9B1D5D9CDF55}.Debug|Any CPU.ActiveCfg = Debug|Any CPU
		{03816534-157F-42EC-B11D-9B1D5D9CDF55}.Debug|Any CPU.Build.0 = Debug|Any CPU
		{03816534-157F-42EC-B11D-9B1D5D9CDF55}.Release|Any CPU.ActiveCfg = Release|Any CPU
		{03816534-157F-42EC-B11D-9B1D5D9CDF55}.Release|Any CPU.Build.0 = Release|Any CPU
		{A12D3BBB-63E9-4E97-8D3F-E7D2841F0931}.Debug|Any CPU.ActiveCfg = Debug|Any CPU
		{A12D3BBB-63E9-4E97-8D3F-E7D2841F0931}.Debug|Any CPU.Build.0 = Debug|Any CPU
		{A12D3BBB-63E9-4E97-8D3F-E7D2841F0931}.Release|Any CPU.ActiveCfg = Release|Any CPU
		{A12D3BBB-63E9-4E97-8D3F-E7D2841F0931}.Release|Any CPU.Build.0 = Release|Any CPU
		{546DE98F-3DDE-48BF-A993-58CBA742E3DE}.Debug|Any CPU.ActiveCfg = Debug|Any CPU
		{546DE98F-3DDE-48BF-A993-58CBA742E3DE}.Debug|Any CPU.Build.0 = Debug|Any CPU
		{546DE98F-3DDE-48BF-A993-58CBA742E3DE}.Release|Any CPU.ActiveCfg = Release|Any CPU
		{546DE98F-3DDE-48BF-A993-58CBA742E3DE}.Release|Any CPU.Build.0 = Release|Any CPU
		{AB7C74B8-4A16-4445-8DCB-5B4E54E690C6}.Debug|Any CPU.ActiveCfg = Debug|Any CPU
		{AB7C74B8-4A16-4445-8DCB-5B4E54E690C6}.Debug|Any CPU.Build.0 = Debug|Any CPU
		{AB7C74B8-4A16-4445-8DCB-5B4E54E690C6}.Release|Any CPU.ActiveCfg = Release|Any CPU
		{AB7C74B8-4A16-4445-8DCB-5B4E54E690C6}.Release|Any CPU.Build.0 = Release|Any CPU
		{8FAFE5F2-8A53-4BF4-877E-4A6565B4DF8E}.Debug|Any CPU.ActiveCfg = Debug|Any CPU
		{8FAFE5F2-8A53-4BF4-877E-4A6565B4DF8E}.Debug|Any CPU.Build.0 = Debug|Any CPU
		{8FAFE5F2-8A53-4BF4-877E-4A6565B4DF8E}.Release|Any CPU.ActiveCfg = Release|Any CPU
		{8FAFE5F2-8A53-4BF4-877E-4A6565B4DF8E}.Release|Any CPU.Build.0 = Release|Any CPU
		{F98F85E5-3B6B-4AE5-8F27-538F445D4208}.Debug|Any CPU.ActiveCfg = Debug|Any CPU
		{F98F85E5-3B6B-4AE5-8F27-538F445D4208}.Debug|Any CPU.Build.0 = Debug|Any CPU
		{F98F85E5-3B6B-4AE5-8F27-538F445D4208}.Release|Any CPU.ActiveCfg = Release|Any CPU
		{F98F85E5-3B6B-4AE5-8F27-538F445D4208}.Release|Any CPU.Build.0 = Release|Any CPU
		{B31CC112-20A8-43C5-8315-DE277F847A9A}.Debug|Any CPU.ActiveCfg = Debug|Any CPU
		{B31CC112-20A8-43C5-8315-DE277F847A9A}.Debug|Any CPU.Build.0 = Debug|Any CPU
		{B31CC112-20A8-43C5-8315-DE277F847A9A}.Release|Any CPU.ActiveCfg = Release|Any CPU
		{B31CC112-20A8-43C5-8315-DE277F847A9A}.Release|Any CPU.Build.0 = Release|Any CPU
		{43743663-59C6-4C15-9845-51A8C0D4A534}.Debug|Any CPU.ActiveCfg = Debug|Any CPU
		{43743663-59C6-4C15-9845-51A8C0D4A534}.Debug|Any CPU.Build.0 = Debug|Any CPU
		{43743663-59C6-4C15-9845-51A8C0D4A534}.Release|Any CPU.ActiveCfg = Release|Any CPU
		{43743663-59C6-4C15-9845-51A8C0D4A534}.Release|Any CPU.Build.0 = Release|Any CPU
		{F9E5974D-E86E-4563-835D-81111EAD6064}.Debug|Any CPU.ActiveCfg = Debug|Any CPU
		{F9E5974D-E86E-4563-835D-81111EAD6064}.Debug|Any CPU.Build.0 = Debug|Any CPU
		{F9E5974D-E86E-4563-835D-81111EAD6064}.Release|Any CPU.ActiveCfg = Release|Any CPU
		{F9E5974D-E86E-4563-835D-81111EAD6064}.Release|Any CPU.Build.0 = Release|Any CPU
	EndGlobalSection
	GlobalSection(SolutionProperties) = preSolution
		HideSolutionNode = FALSE
	EndGlobalSection
	GlobalSection(ExtensibilityGlobals) = postSolution
		SolutionGuid = {981DC87C-72E2-421F-A788-EDB802749C0E}
	EndGlobalSection
EndGlobal
