
Microsoft Visual Studio Solution File, Format Version 12.00
# Visual Studio Version 16
VisualStudioVersion = 16.0.32602.291
MinimumVisualStudioVersion = 10.0.40219.1
Project("{FAE04EC0-301F-11D3-BF4B-00C04F79EFBC}") = "01. Cooking Masterclass", "01. Cooking Masterclass\01. Cooking Masterclass.csproj", "{62306D2A-6DC5-4802-AD80-1D59FE51A8E4}"
EndProject
Project("{FAE04EC0-301F-11D3-BF4B-00C04F79EFBC}") = "02. Coffee Lover", "02. Coffee Lover\02. Coffee Lover.csproj", "{02E71A1E-9E0F-4748-BEF8-5582CCE1EFF7}"
EndProject
Project("{FAE04EC0-301F-11D3-BF4B-00C04F79EFBC}") = "03. The Angry Cat", "03. The Angry Cat\03. The Angry Cat.csproj", "{A688C782-C76D-4268-8014-FBC8E2A76FD0}"
EndProject
Global
	GlobalSection(SolutionConfigurationPlatforms) = preSolution
		Debug|Any CPU = Debug|Any CPU
		Release|Any CPU = Release|Any CPU
	EndGlobalSection
	GlobalSection(ProjectConfigurationPlatforms) = postSolution
		{62306D2A-6DC5-4802-AD80-1D59FE51A8E4}.Debug|Any CPU.ActiveCfg = Debug|Any CPU
		{62306D2A-6DC5-4802-AD80-1D59FE51A8E4}.Debug|Any CPU.Build.0 = Debug|Any CPU
		{62306D2A-6DC5-4802-AD80-1D59FE51A8E4}.Release|Any CPU.ActiveCfg = Release|Any CPU
		{62306D2A-6DC5-4802-AD80-1D59FE51A8E4}.Release|Any CPU.Build.0 = Release|Any CPU
		{02E71A1E-9E0F-4748-BEF8-5582CCE1EFF7}.Debug|Any CPU.ActiveCfg = Debug|Any CPU
		{02E71A1E-9E0F-4748-BEF8-5582CCE1EFF7}.Debug|Any CPU.Build.0 = Debug|Any CPU
		{02E71A1E-9E0F-4748-BEF8-5582CCE1EFF7}.Release|Any CPU.ActiveCfg = Release|Any CPU
		{02E71A1E-9E0F-4748-BEF8-5582CCE1EFF7}.Release|Any CPU.Build.0 = Release|Any CPU
		{A688C782-C76D-4268-8014-FBC8E2A76FD0}.Debug|Any CPU.ActiveCfg = Debug|Any CPU
		{A688C782-C76D-4268-8014-FBC8E2A76FD0}.Debug|Any CPU.Build.0 = Debug|Any CPU
		{A688C782-C76D-4268-8014-FBC8E2A76FD0}.Release|Any CPU.ActiveCfg = Release|Any CPU
		{A688C782-C76D-4268-8014-FBC8E2A76FD0}.Release|Any CPU.Build.0 = Release|Any CPU
	EndGlobalSection
	GlobalSection(SolutionProperties) = preSolution
		HideSolutionNode = FALSE
	EndGlobalSection
	GlobalSection(ExtensibilityGlobals) = postSolution
		SolutionGuid = {EA803CEC-3B84-4089-8568-0E1852DD1F32}
	EndGlobalSection
EndGlobal
